# This file is generated by running "yarn install" inside your project.
# Manual changes might be lost - proceed with caution!

__metadata:
  version: 10
  cacheKey: 10

"@actions/core@npm:^3.0.0":
  version: 3.0.1
  resolution: "@actions/core@npm:3.0.1"
  dependencies:
    "@actions/exec": "npm:^3.0.0"
    "@actions/http-client": "npm:^4.0.0"
  checksum: 10/e1295f6b81299cc5655ea571e7b3eea02889fdc479e71c783ad9ca48432c613f52a1fd01fecc973a64488b053083ea925a0d23ac7af0bcd8462afc4f4371918b
  languageName: node
  linkType: hard

"@actions/exec@npm:^3.0.0":
  version: 3.0.0
  resolution: "@actions/exec@npm:3.0.0"
  dependencies:
    "@actions/io": "npm:^3.0.2"
  checksum: 10/c1904163e326cbe27f887514b4837e357d46e7a6c5eeda66c0e2efffd2772cb34d8ef0a2a48c65eb0e3b6ec72beb9b049eaba343c9f55978d3f45b09d09d2c54
  languageName: node
  linkType: hard

"@actions/github@npm:^9.0.0":
  version: 9.1.1
  resolution: "@actions/github@npm:9.1.1"
  dependencies:
    "@actions/http-client": "npm:^3.0.2"
    "@octokit/core": "npm:^7.0.6"
    "@octokit/plugin-paginate-rest": "npm:^14.0.0"
    "@octokit/plugin-rest-endpoint-methods": "npm:^17.0.0"
    "@octokit/request": "npm:^10.0.7"
    "@octokit/request-error": "npm:^7.1.0"
    undici: "npm:^6.23.0"
  checksum: 10/eb77846e506df107208ee6a57aa38c80ce6cdd9ab499ec3518a8e3000334def8f93fcf2b43c8b512fede9b093a1ca39d184551a9c50f37cb8fc17704d09c7e70
  languageName: node
  linkType: hard

"@actions/http-client@npm:^3.0.2":
  version: 3.0.2
  resolution: "@actions/http-client@npm:3.0.2"
  dependencies:
    tunnel: "npm:^0.0.6"
    undici: "npm:^6.23.0"
  checksum: 10/36431245545cd54e2e2b25b333732801a904170a426cdcb6611423b9da70daeba2742d7258e7fb5a370e216082d3a416d04f47ea810d5e9d6cda8e6928466079
  languageName: node
  linkType: hard

"@actions/http-client@npm:^4.0.0":
  version: 4.0.1
  resolution: "@actions/http-client@npm:4.0.1"
  dependencies:
    tunnel: "npm:^0.0.6"
    undici: "npm:^6.23.0"
  checksum: 10/4fab65bf488e15143db87ce200a9d1f6f81832adfb1cbdadc380bbe2a95c86b1f5daa0d89c029533ccea4cd2b811a84ce984dfd0d6530479b82bc9860e8be704
  languageName: node
  linkType: hard

"@actions/io@npm:^3.0.2":
  version: 3.0.2
  resolution: "@actions/io@npm:3.0.2"
  checksum: 10/ef17cb4ec0a2b640d5f4851446ad1c12bf4b2b1cf83741c5eecee4e8f50b3ca3ac9ae4084027dcaa1bf0c016d653dbc0e5fe20daedd39ee5fb6edb671f6e45b5
  languageName: node
  linkType: hard

"@babel/generator@npm:8.0.0-rc.6":
  version: 8.0.0-rc.6
  resolution: "@babel/generator@npm:8.0.0-rc.6"
  dependencies:
    "@babel/parser": "npm:^8.0.0-rc.6"
    "@babel/types": "npm:^8.0.0-rc.6"
    "@jridgewell/gen-mapping": "npm:^0.3.12"
    "@jridgewell/trace-mapping": "npm:^0.3.28"
    "@types/jsesc": "npm:^2.5.0"
    jsesc: "npm:^3.0.2"
  checksum: 10/c34c47dfec8dfd41b8ec55967a5804032d08311f78d5875a1fc12dd6a9bb3517b105d410de325e0920d2ae60b20c36f7e4c871f37e7ab6deb87d93aeb5c28266
  languageName: node
  linkType: hard

"@babel/helper-string-parser@npm:^8.0.0-rc.6":
  version: 8.0.0-rc.6
  resolution: "@babel/helper-string-parser@npm:8.0.0-rc.6"
  checksum: 10/5668a6c4ee5cde0340d437ff517e5db76df58f004250f6a4f8732977188c05dd7d459a7045f17697ab5cab4ac74006e0d17fda38e699a840ed8c16fe91778242
  languageName: node
  linkType: hard

"@babel/helper-validator-identifier@npm:8.0.0-rc.6, @babel/helper-validator-identifier@npm:^8.0.0-rc.6":
  version: 8.0.0-rc.6
  resolution: "@babel/helper-validator-identifier@npm:8.0.0-rc.6"
  checksum: 10/145673c3d9f24e4e3081902e9541db20b85db461d21a928d0cab473336922e592bb04cb89ea55f0e4af52e8079cd2945ab3d666facf80d4e8adecffe30963f4d
  languageName: node
  linkType: hard

"@babel/parser@npm:8.0.0-rc.6, @babel/parser@npm:^8.0.0-beta.4, @babel/parser@npm:^8.0.0-rc.6":
  version: 8.0.0-rc.6
  resolution: "@babel/parser@npm:8.0.0-rc.6"
  dependencies:
    "@babel/types": "npm:^8.0.0-rc.6"
  bin:
    parser: ./bin/babel-parser.js
  checksum: 10/7d0778fe277244550ac46b22ccf8ec93e68db5894722f7c720ea170a7bafd5e94449821525726ed297dff6f936c4d88b820ee2d85c89ce9837141b03e8020d70
  languageName: node
  linkType: hard

"@babel/types@npm:^8.0.0-rc.6":
  version: 8.0.0-rc.6
  resolution: "@babel/types@npm:8.0.0-rc.6"
  dependencies:
    "@babel/helper-string-parser": "npm:^8.0.0-rc.6"
    "@babel/helper-validator-identifier": "npm:^8.0.0-rc.6"
  checksum: 10/65a83d91fa47e46a867fd1334badd54a1d5c8a2c9656c92257040e7e8196f45ec74aa4d898657905aadf277b05c31629d68516a494cb62a9b21f0e63a074a392
  languageName: node
  linkType: hard

"@emnapi/core@npm:1.10.0":
  version: 1.10.0
  resolution: "@emnapi/core@npm:1.10.0"
  dependencies:
    "@emnapi/wasi-threads": "npm:1.2.1"
    tslib: "npm:^2.4.0"
  checksum: 10/d32f386084e64deaf2609aabb8295d1ad5af6144d0f46d2060b76cc53f1f3b486df54bec9b0f33c37d85a3822e1193ebcd4e3deb4a5f0e4cd650aa2ffc631715
  languageName: node
  linkType: hard

"@emnapi/runtime@npm:1.10.0":
  version: 1.10.0
  resolution: "@emnapi/runtime@npm:1.10.0"
  dependencies:
    tslib: "npm:^2.4.0"
  checksum: 10/d21083d07fa0c2da171c142e78ef986b66b07d45b06accc0bcaf49fcc61bb4dbc10e1c1760813070165b9f49b054376a931045347f21c0f42ff1eb2d2040faac
  languageName: node
  linkType: hard

"@emnapi/wasi-threads@npm:1.2.1":
  version: 1.2.1
  resolution: "@emnapi/wasi-threads@npm:1.2.1"
  dependencies:
    tslib: "npm:^2.4.0"
  checksum: 10/57cd4292be81c05d26aa886d68a9e4c449ff666e8503fed6463dfc6b64a4e4213f03c152d53296b7cda32840271e38cd33347332070658f01befeb9bf4e59f36
  languageName: node
  linkType: hard

"@jridgewell/gen-mapping@npm:^0.3.12":
  version: 0.3.13
  resolution: "@jridgewell/gen-mapping@npm:0.3.13"
  dependencies:
    "@jridgewell/sourcemap-codec": "npm:^1.5.0"
    "@jridgewell/trace-mapping": "npm:^0.3.24"
  checksum: 10/902f8261dcf450b4af7b93f9656918e02eec80a2169e155000cb2059f90113dd98f3ccf6efc6072cee1dd84cac48cade51da236972d942babc40e4c23da4d62a
  languageName: node
  linkType: hard

"@jridgewell/resolve-uri@npm:^3.1.0":
  version: 3.1.2
  resolution: "@jridgewell/resolve-uri@npm:3.1.2"
  checksum: 10/97106439d750a409c22c8bff822d648f6a71f3aa9bc8e5129efdc36343cd3096ddc4eeb1c62d2fe48e9bdd4db37b05d4646a17114ecebd3bbcacfa2de51c3c1d
  languageName: node
  linkType: hard

"@jridgewell/sourcemap-codec@npm:^1.4.14, @jridgewell/sourcemap-codec@npm:^1.5.0":
  version: 1.5.5
  resolution: "@jridgewell/sourcemap-codec@npm:1.5.5"
  checksum: 10/5d9d207b462c11e322d71911e55e21a4e2772f71ffe8d6f1221b8eb5ae6774458c1d242f897fb0814e8714ca9a6b498abfa74dfe4f434493342902b1a48b33a5
  languageName: node
  linkType: hard

"@jridgewell/trace-mapping@npm:^0.3.24, @jridgewell/trace-mapping@npm:^0.3.28":
  version: 0.3.31
  resolution: "@jridgewell/trace-mapping@npm:0.3.31"
  dependencies:
    "@jridgewell/resolve-uri": "npm:^3.1.0"
    "@jridgewell/sourcemap-codec": "npm:^1.4.14"
  checksum: 10/da0283270e691bdb5543806077548532791608e52386cfbbf3b9e8fb00457859d1bd01d512851161c886eb3a2f3ce6fd9bcf25db8edf3bddedd275bd4a88d606
  languageName: node
  linkType: hard

"@napi-rs/wasm-runtime@npm:^1.1.4":
  version: 1.1.4
  resolution: "@napi-rs/wasm-runtime@npm:1.1.4"
  dependencies:
    "@tybys/wasm-util": "npm:^0.10.1"
  peerDependencies:
    "@emnapi/core": ^1.7.1
    "@emnapi/runtime": ^1.7.1
  checksum: 10/1db3dc7eeb981306b09360487bd8ce4dfa5588d273bd8ea9f07dccca1b4ade57b675414180fc9bb66966c6c50b17208b0263194993e2f7f92cc7af28bda4d1af
  languageName: node
  linkType: hard

"@octokit/auth-token@npm:^6.0.0":
  version: 6.0.0
  resolution: "@octokit/auth-token@npm:6.0.0"
  checksum: 10/a30f5c4c984964b57193de5b6f67169f74e4779fedbe716157dd3558dd9de3ca5c105cae521b7bd8ce1ae180773a2ef01afe2306ad5a329f4fd291eba2b7c7d1
  languageName: node
  linkType: hard

"@octokit/core@npm:^7.0.6":
  version: 7.0.6
  resolution: "@octokit/core@npm:7.0.6"
  dependencies:
    "@octokit/auth-token": "npm:^6.0.0"
    "@octokit/graphql": "npm:^9.0.3"
    "@octokit/request": "npm:^10.0.6"
    "@octokit/request-error": "npm:^7.0.2"
    "@octokit/types": "npm:^16.0.0"
    before-after-hook: "npm:^4.0.0"
    universal-user-agent: "npm:^7.0.0"
  checksum: 10/852d41fc3150d2a891156427dd0575c77889f1c7a109894ee541594e3fd47c0d4e0a93fee22966c507dfd6158b522e42846c2ac46b9d896078194c95fa81f4ae
  languageName: node
  linkType: hard

"@octokit/endpoint@npm:^11.0.3":
  version: 11.0.3
  resolution: "@octokit/endpoint@npm:11.0.3"
  dependencies:
    "@octokit/types": "npm:^16.0.0"
    universal-user-agent: "npm:^7.0.2"
  checksum: 10/21b67d76fb1ea28bd87ca467c12dfab648af55522b936760316d70f8ccdd638f170d636ee72606857f0cd8f343f40c8a4e8f55993d6b1f5b9ecf102e072044c5
  languageName: node
  linkType: hard

"@octokit/graphql@npm:^9.0.3":
  version: 9.0.3
  resolution: "@octokit/graphql@npm:9.0.3"
  dependencies:
    "@octokit/request": "npm:^10.0.6"
    "@octokit/types": "npm:^16.0.0"
    universal-user-agent: "npm:^7.0.0"
  checksum: 10/7b16f281f8571dce55280b3986fbb8d15465a7236164a5f6497ded7597ff9ee95d5796924555b979903fe8c6706fe6be1b3e140d807297f85ac8edeadc28f9fe
  languageName: node
  linkType: hard

"@octokit/openapi-types@npm:^27.0.0":
  version: 27.0.0
  resolution: "@octokit/openapi-types@npm:27.0.0"
  checksum: 10/5cd2cdf4e41fdf522e15e3d53f3ece8380d98dda9173a6fc905828fb2c33e8733d5f5d2a757ae3a572525f4749748e66cb40e7939372132988d8eb4ba978d54f
  languageName: node
  linkType: hard

"@octokit/plugin-paginate-rest@npm:^14.0.0":
  version: 14.0.0
  resolution: "@octokit/plugin-paginate-rest@npm:14.0.0"
  dependencies:
    "@octokit/types": "npm:^16.0.0"
  peerDependencies:
    "@octokit/core": ">=6"
  checksum: 10/57ddd857528dad9c02431bc6254c2374c06057872cf9656a4a88b162ebe1c2bc9f34fbec360f2ccff72c940f29b120758ce14e8135bd027223d381eb1b8b6579
  languageName: node
  linkType: hard

"@octokit/plugin-rest-endpoint-methods@npm:^17.0.0":
  version: 17.0.0
  resolution: "@octokit/plugin-rest-endpoint-methods@npm:17.0.0"
  dependencies:
    "@octokit/types": "npm:^16.0.0"
  peerDependencies:
    "@octokit/core": ">=6"
  checksum: 10/e9d9ad4d9755cc7fb82fdcbfa870ddea8a432180f0f76c8469095557fd1e26f8caea8cae58401209be17c4f3d8cc48c0e16a3643e37e48f4d23c39e058bf2c55
  languageName: node
  linkType: hard

"@octokit/request-error@npm:^7.0.2, @octokit/request-error@npm:^7.1.0":
  version: 7.1.0
  resolution: "@octokit/request-error@npm:7.1.0"
  dependencies:
    "@octokit/types": "npm:^16.0.0"
  checksum: 10/c1d447ff7482382c69f7a4b2eaa44c672906dd111d8a9196a5d07f2adc4ae0f0e12ec4ce0063f14f9b2fb5f0cef4451c95ec961a7a711bd900e5d6441d546570
  languageName: node
  linkType: hard

"@octokit/request@npm:^10.0.6, @octokit/request@npm:^10.0.7":
  version: 10.0.10
  resolution: "@octokit/request@npm:10.0.10"
  dependencies:
    "@octokit/endpoint": "npm:^11.0.3"
    "@octokit/request-error": "npm:^7.0.2"
    "@octokit/types": "npm:^16.0.0"
    content-type: "npm:^2.0.0"
    json-with-bigint: "npm:^3.5.3"
    universal-user-agent: "npm:^7.0.2"
  checksum: 10/e3f8410a1d41926ac8ca66013b0593c37423ec92725f49dabf203967fa80bf128ee92802b6706402a14705d75b30d12520a2d31339d0b07cab68b999eef27b9d
  languageName: node
  linkType: hard

"@octokit/types@npm:^16.0.0":
  version: 16.0.0
  resolution: "@octokit/types@npm:16.0.0"
  dependencies:
    "@octokit/openapi-types": "npm:^27.0.0"
  checksum: 10/03d5cfc29556a9b53eae8beb1bf15c0b704dc722db2c51b53f093f3c3ee6c1d8e20b682be8117a3a17034b458be7746d1b22aaefb959ceb5152ad7589b39e2c9
  languageName: node
  linkType: hard

"@oxc-project/types@npm:=0.133.0":
  version: 0.133.0
  resolution: "@oxc-project/types@npm:0.133.0"
  checksum: 10/de44f653a9e0c0267309122f1f184120c6869af4382218a6bf4a320c5150743eb00b5e8641b04917666281995ed0fe6381561922a48a28082a75bb122acf3ac6
  languageName: node
  linkType: hard

"@quansync/fs@npm:^1.0.0":
  version: 1.0.0
  resolution: "@quansync/fs@npm:1.0.0"
  dependencies:
    quansync: "npm:^1.0.0"
  checksum: 10/8a27892b1330c01e1312e09e9fd92f676fa89d13fa5a201cb5b9b2f99347ef6bac67a2f6f69fe3e64612427eabf45f88b4294cc5d5d33e0031bb5263b5cd37c9
  languageName: node
  linkType: hard

"@rolldown/binding-android-arm64@npm:1.0.3":
  version: 1.0.3
  resolution: "@rolldown/binding-android-arm64@npm:1.0.3"
  conditions: os=android & cpu=arm64
  languageName: node
  linkType: hard

"@rolldown/binding-darwin-arm64@npm:1.0.3":
  version: 1.0.3
  resolution: "@rolldown/binding-darwin-arm64@npm:1.0.3"
  conditions: os=darwin & cpu=arm64
  languageName: node
  linkType: hard

"@rolldown/binding-darwin-x64@npm:1.0.3":
  version: 1.0.3
  resolution: "@rolldown/binding-darwin-x64@npm:1.0.3"
  conditions: os=darwin & cpu=x64
  languageName: node
  linkType: hard

"@rolldown/binding-freebsd-x64@npm:1.0.3":
  version: 1.0.3
  resolution: "@rolldown/binding-freebsd-x64@npm:1.0.3"
  conditions: os=freebsd & cpu=x64
  languageName: node
  linkType: hard

"@rolldown/binding-linux-arm-gnueabihf@npm:1.0.3":
  version: 1.0.3
  resolution: "@rolldown/binding-linux-arm-gnueabihf@npm:1.0.3"
  conditions: os=linux & cpu=arm
  languageName: node
  linkType: hard

"@rolldown/binding-linux-arm64-gnu@npm:1.0.3":
  version: 1.0.3
  resolution: "@rolldown/binding-linux-arm64-gnu@npm:1.0.3"
  conditions: os=linux & cpu=arm64 & libc=glibc
  languageName: node
  linkType: hard

"@rolldown/binding-linux-arm64-musl@npm:1.0.3":
  version: 1.0.3
  resolution: "@rolldown/binding-linux-arm64-musl@npm:1.0.3"
  conditions: os=linux & cpu=arm64 & libc=musl
  languageName: node
  linkType: hard

"@rolldown/binding-linux-ppc64-gnu@npm:1.0.3":
  version: 1.0.3
  resolution: "@rolldown/binding-linux-ppc64-gnu@npm:1.0.3"
  conditions: os=linux & cpu=ppc64 & libc=glibc
  languageName: node
  linkType: hard

"@rolldown/binding-linux-s390x-gnu@npm:1.0.3":
  version: 1.0.3
  resolution: "@rolldown/binding-linux-s390x-gnu@npm:1.0.3"
  conditions: os=linux & cpu=s390x & libc=glibc
  languageName: node
  linkType: hard

"@rolldown/binding-linux-x64-gnu@npm:1.0.3":
  version: 1.0.3
  resolution: "@rolldown/binding-linux-x64-gnu@npm:1.0.3"
  conditions: os=linux & cpu=x64 & libc=glibc
  languageName: node
  linkType: hard

"@rolldown/binding-linux-x64-musl@npm:1.0.3":
  version: 1.0.3
  resolution: "@rolldown/binding-linux-x64-musl@npm:1.0.3"
  conditions: os=linux & cpu=x64 & libc=musl
  languageName: node
  linkType: hard

"@rolldown/binding-openharmony-arm64@npm:1.0.3":
  version: 1.0.3
  resolution: "@rolldown/binding-openharmony-arm64@npm:1.0.3"
  conditions: os=openharmony & cpu=arm64
  languageName: node
  linkType: hard

"@rolldown/binding-wasm32-wasi@npm:1.0.3":
  version: 1.0.3
  resolution: "@rolldown/binding-wasm32-wasi@npm:1.0.3"
  dependencies:
    "@emnapi/core": "npm:1.10.0"
    "@emnapi/runtime": "npm:1.10.0"
    "@napi-rs/wasm-runtime": "npm:^1.1.4"
  conditions: cpu=wasm32
  languageName: node
  linkType: hard

"@rolldown/binding-win32-arm64-msvc@npm:1.0.3":
  version: 1.0.3
  resolution: "@rolldown/binding-win32-arm64-msvc@npm:1.0.3"
  conditions: os=win32 & cpu=arm64
  languageName: node
  linkType: hard

"@rolldown/binding-win32-x64-msvc@npm:1.0.3":
  version: 1.0.3
  resolution: "@rolldown/binding-win32-x64-msvc@npm:1.0.3"
  conditions: os=win32 & cpu=x64
  languageName: node
  linkType: hard

"@rolldown/pluginutils@npm:^1.0.0":
  version: 1.0.1
  resolution: "@rolldown/pluginutils@npm:1.0.1"
  checksum: 10/4e95cf9ce23d75e5aa03ea0249cd86f7d1e21f83fbf6f8520e4edd8a251ba1b82c4ba9bc13cd24b6c4661daec6225b06e6d35c64c604e731b230b2a49af47d05
  languageName: node
  linkType: hard

"@tybys/wasm-util@npm:^0.10.1":
  version: 0.10.2
  resolution: "@tybys/wasm-util@npm:0.10.2"
  dependencies:
    tslib: "npm:^2.4.0"
  checksum: 10/d12f1dafe12d7a573c406b35ffef0038042b9cc9fbcc74d657267eb635499b956276afc05eebdbd81bea582e1c4c921421a1dd7243a93daaa8c8216b19395c23
  languageName: node
  linkType: hard

"@types/estree@npm:^1.0.0":
  version: 1.0.9
  resolution: "@types/estree@npm:1.0.9"
  checksum: 10/16aabfa703b5bdac83f719b07ce92a11b2d3c9b8628eacc92889d8af46cab2d78fc45c7b5378de383d0500585cea5c2f79125eeddfe5fbc6bd6a27eb0c8ccee5
  languageName: node
  linkType: hard

"@types/jsesc@npm:^2.5.0":
  version: 2.5.1
  resolution: "@types/jsesc@npm:2.5.1"
  checksum: 10/25407775ed621790d2eec0cc51e194bd0d67a82e39204fd9748899c249ef965e17d9e6560f6c658773714f6d45a259465f3639790bb55750ebb168ee23801596
  languageName: node
  linkType: hard

"@types/node@npm:^24.3.0":
  version: 24.12.4
  resolution: "@types/node@npm:24.12.4"
  dependencies:
    undici-types: "npm:~7.16.0"
  checksum: 10/4e5ce6faaf0e6f291114d6ac14fe546d491812b306107620802d5bef00ca36fb290637e79ec4fc24f33214f78f58c9b63254bd0ce94788bebfec03f26d45f2ea
  languageName: node
  linkType: hard

"ansis@npm:^4.3.0":
  version: 4.3.0
  resolution: "ansis@npm:4.3.0"
  checksum: 10/2851e70a5a16165d92fdddd6537a526c886023c9e09331aa36b4ffedd426ecc1a4d533df26e0fd6952ca82d80abb07f526a155100bba05f887ef24fbf183f183
  languageName: node
  linkType: hard

"ast-kit@npm:^3.0.0-beta.1":
  version: 3.0.0-beta.1
  resolution: "ast-kit@npm:3.0.0-beta.1"
  dependencies:
    "@babel/parser": "npm:^8.0.0-beta.4"
    estree-walker: "npm:^3.0.3"
    pathe: "npm:^2.0.3"
  checksum: 10/63c8f80f71d905a3ca23a2cd02e9e9bba4e617353db80e58e4a48ca31f5a51c594e3d5bf7d1b61faf98b5f4c9a4db52bd2e8fa69e01e5b17a737b10abbd087f9
  languageName: node
  linkType: hard

"before-after-hook@npm:^4.0.0":
  version: 4.0.0
  resolution: "before-after-hook@npm:4.0.0"
  checksum: 10/9fd52bc0c3cca0fb115e04dacbeeaacff38fa23e1af725d62392254c31ef433b15da60efcba61552e44d64e26f25ea259f72dba005115924389e88d2fd56e19f
  languageName: node
  linkType: hard

"birpc@npm:^4.0.0":
  version: 4.0.0
  resolution: "birpc@npm:4.0.0"
  checksum: 10/f4418e2a0451f41eb6f20b3c9a4d6c007b335bbc0fe1d6eddf44bc2fd2d44f26594a3b0a24fc43107b0288a2a56959507b37478faed20e3da0d2587ed0fa1557
  languageName: node
  linkType: hard

"cac@npm:^7.0.0":
  version: 7.0.0
  resolution: "cac@npm:7.0.0"
  checksum: 10/1ada3b090403d0051619b1519c21db1cb0b32c7772d6c8782cc55c5349caac9efbb1076ba513c5975331ff0bdb104e2be9421fd3ff6c0ef5db9d58a04a4aa6f5
  languageName: node
  linkType: hard

"content-type@npm:^2.0.0":
  version: 2.0.0
  resolution: "content-type@npm:2.0.0"
  checksum: 10/0bbb276b790ba7e86c479c7d69fae1861b2e908ff3ce2cb01975b516f93eede2216d242902ed6c5b15cd554014611ce9dfdcf51cd35b16569e45a979e50d0cef
  languageName: node
  linkType: hard

"defu@npm:^6.1.7":
  version: 6.1.7
  resolution: "defu@npm:6.1.7"
  checksum: 10/09480a5fbe6318f622f30017f9386df6ae92ed895fb1ccc61e1ff0d5016b28a321c751749fdd52c996ddd4eafc2c95b77dc0c8cc109881a231c23c7fd630deb9
  languageName: node
  linkType: hard

"dts-resolver@npm:^3.0.0":
  version: 3.0.0
  resolution: "dts-resolver@npm:3.0.0"
  peerDependencies:
    oxc-resolver: ">=11.0.0"
  peerDependenciesMeta:
    oxc-resolver:
      optional: true
  checksum: 10/3778a2b6e4d35dc88776be1dde0e3cc26114fac4a42c344bb8b66829bf5de286b0c3f56a1da510162a7217579482066d7996eb3d38f12f91206edd1a8baced5f
  languageName: node
  linkType: hard

"empathic@npm:^2.0.1":
  version: 2.0.1
  resolution: "empathic@npm:2.0.1"
  checksum: 10/c5a37b78926e722c38779e5026342350098771fa1cacb52cb808e5329896ab39abb88cd2f1374671d6e5c98aa24cba2534f00da2938d04f11de1a2d012ee75c3
  languageName: node
  linkType: hard

"estree-walker@npm:^3.0.3":
  version: 3.0.3
  resolution: "estree-walker@npm:3.0.3"
  dependencies:
    "@types/estree": "npm:^1.0.0"
  checksum: 10/a65728d5727b71de172c5df323385755a16c0fdab8234dc756c3854cfee343261ddfbb72a809a5660fac8c75d960bb3e21aa898c2d7e9b19bb298482ca58a3af
  languageName: node
  linkType: hard

"fdir@npm:^6.5.0":
  version: 6.5.0
  resolution: "fdir@npm:6.5.0"
  peerDependencies:
    picomatch: ^3 || ^4
  peerDependenciesMeta:
    picomatch:
      optional: true
  checksum: 10/14ca1c9f0a0e8f4f2e9bf4e8551065a164a09545dae548c12a18d238b72e51e5a7b39bd8e5494b56463a0877672d0a6c1ef62c6fa0677db1b0c847773be939b1
  languageName: node
  linkType: hard

"get-tsconfig@npm:5.0.0-beta.5":
  version: 5.0.0-beta.5
  resolution: "get-tsconfig@npm:5.0.0-beta.5"
  dependencies:
    resolve-pkg-maps: "npm:^1.0.0"
  checksum: 10/4946c4820cb2dc8c98073b341331b411db126c89b793d9bfe79c0d88843866e6fa7ebe9db43b51e9664d24e4cf10674e4137ad00881b10d4106c896d25c0e4fb
  languageName: node
  linkType: hard

"hookable@npm:^6.1.1":
  version: 6.1.1
  resolution: "hookable@npm:6.1.1"
  checksum: 10/2f8b478ba1bb0782f0112d049b3d3d01aebf8245c250d3bdd306aa4bfdaba0f5d3c82d28fefa4290bb3c2bf4f1be22c6bed7ed50f0b39cd33742983202a32122
  languageName: node
  linkType: hard

"import-without-cache@npm:^0.4.0":
  version: 0.4.0
  resolution: "import-without-cache@npm:0.4.0"
  checksum: 10/935a7826f1263a612f72ea6f1044a2e7579b42556ce98941d22ddf1ef80d18345c4f5784cd00de56ff2a950f0e57e20efadc020fc050b39e06c1d59c23c68f95
  languageName: node
  linkType: hard

"jsesc@npm:^3.0.2":
  version: 3.1.0
  resolution: "jsesc@npm:3.1.0"
  bin:
    jsesc: bin/jsesc
  checksum: 10/20bd37a142eca5d1794f354db8f1c9aeb54d85e1f5c247b371de05d23a9751ecd7bd3a9c4fc5298ea6fa09a100dafb4190fa5c98c6610b75952c3487f3ce7967
  languageName: node
  linkType: hard

"json-with-bigint@npm:^3.5.3":
  version: 3.5.8
  resolution: "json-with-bigint@npm:3.5.8"
  checksum: 10/84c4b34a2578a7cfae75eaa8d079343ec5350770e15fb951c8910972aecb4718d8c303bbfacdebb3a5e196092a759a1f65403ca4caeaf705d11408d989c866e5
  languageName: node
  linkType: hard

"obug@npm:^2.1.1":
  version: 2.1.1
  resolution: "obug@npm:2.1.1"
  checksum: 10/bdcf9213361786688019345f3452b95a1dc73710e4b403c82a1994b98bad6abc31b26cb72a482128c5fd53ea9daf6fbb7d0e0e7b2b7e9c8be6d779deeccee07f
  languageName: node
  linkType: hard

"pathe@npm:^2.0.3":
  version: 2.0.3
  resolution: "pathe@npm:2.0.3"
  checksum: 10/01e9a69928f39087d96e1751ce7d6d50da8c39abf9a12e0ac2389c42c83bc76f78c45a475bd9026a02e6a6f79be63acc75667df855862fe567d99a00a540d23d
  languageName: node
  linkType: hard

"picomatch@npm:^4.0.4":
  version: 4.0.4
  resolution: "picomatch@npm:4.0.4"
  checksum: 10/f6ef80a3590827ce20378ae110ac78209cc4f74d39236370f1780f957b7ee41c12acde0e4651b90f39983506fd2f5e449994716f516db2e9752924aff8de93ce
  languageName: node
  linkType: hard

"quansync@npm:^1.0.0":
  version: 1.0.0
  resolution: "quansync@npm:1.0.0"
  checksum: 10/fba7a8e87ae8ed99648aba16ce5fbe0fb8a1ae00b18407447f0273feab413b6e50f1fcdfb106e88da700766c80d89c4303e2f0685baee2f10f055e6b2a5879cf
  languageName: node
  linkType: hard

"resolve-pkg-maps@npm:^1.0.0":
  version: 1.0.0
  resolution: "resolve-pkg-maps@npm:1.0.0"
  checksum: 10/0763150adf303040c304009231314d1e84c6e5ebfa2d82b7d94e96a6e82bacd1dcc0b58ae257315f3c8adb89a91d8d0f12928241cba2df1680fbe6f60bf99b0e
  languageName: node
  linkType: hard

"rolldown-plugin-dts@npm:^0.25.1":
  version: 0.25.2
  resolution: "rolldown-plugin-dts@npm:0.25.2"
  dependencies:
    "@babel/generator": "npm:8.0.0-rc.6"
    "@babel/helper-validator-identifier": "npm:8.0.0-rc.6"
    "@babel/parser": "npm:8.0.0-rc.6"
    ast-kit: "npm:^3.0.0-beta.1"
    birpc: "npm:^4.0.0"
    dts-resolver: "npm:^3.0.0"
    get-tsconfig: "npm:5.0.0-beta.5"
    obug: "npm:^2.1.1"
  peerDependencies:
    "@ts-macro/tsc": ^0.3.6
    "@typescript/native-preview": ">=7.0.0-dev.20260325.1"
    rolldown: ^1.0.0
    typescript: ^5.0.0 || ^6.0.0
    vue-tsc: ~3.2.0
  peerDependenciesMeta:
    "@ts-macro/tsc":
      optional: true
    "@typescript/native-preview":
      optional: true
    typescript:
      optional: true
    vue-tsc:
      optional: true
  checksum: 10/0c568397a55ece22555253c23da829c83484132d396f67e6f472b23bf0e960a0b7d51a89f4402988e647ba1ba375c6dbfe1fa11aa9fc7306f8edbe6584a2983b
  languageName: node
  linkType: hard

"rolldown@npm:^1.0.2":
  version: 1.0.3
  resolution: "rolldown@npm:1.0.3"
  dependencies:
    "@oxc-project/types": "npm:=0.133.0"
    "@rolldown/binding-android-arm64": "npm:1.0.3"
    "@rolldown/binding-darwin-arm64": "npm:1.0.3"
    "@rolldown/binding-darwin-x64": "npm:1.0.3"
    "@rolldown/binding-freebsd-x64": "npm:1.0.3"
    "@rolldown/binding-linux-arm-gnueabihf": "npm:1.0.3"
    "@rolldown/binding-linux-arm64-gnu": "npm:1.0.3"
    "@rolldown/binding-linux-arm64-musl": "npm:1.0.3"
    "@rolldown/binding-linux-ppc64-gnu": "npm:1.0.3"
    "@rolldown/binding-linux-s390x-gnu": "npm:1.0.3"
    "@rolldown/binding-linux-x64-gnu": "npm:1.0.3"
    "@rolldown/binding-linux-x64-musl": "npm:1.0.3"
    "@rolldown/binding-openharmony-arm64": "npm:1.0.3"
    "@rolldown/binding-wasm32-wasi": "npm:1.0.3"
    "@rolldown/binding-win32-arm64-msvc": "npm:1.0.3"
    "@rolldown/binding-win32-x64-msvc": "npm:1.0.3"
    "@rolldown/pluginutils": "npm:^1.0.0"
  dependenciesMeta:
    "@rolldown/binding-android-arm64":
      optional: true
    "@rolldown/binding-darwin-arm64":
      optional: true
    "@rolldown/binding-darwin-x64":
      optional: true
    "@rolldown/binding-freebsd-x64":
      optional: true
    "@rolldown/binding-linux-arm-gnueabihf":
      optional: true
    "@rolldown/binding-linux-arm64-gnu":
      optional: true
    "@rolldown/binding-linux-arm64-musl":
      optional: true
    "@rolldown/binding-linux-ppc64-gnu":
      optional: true
    "@rolldown/binding-linux-s390x-gnu":
      optional: true
    "@rolldown/binding-linux-x64-gnu":
      optional: true
    "@rolldown/binding-linux-x64-musl":
      optional: true
    "@rolldown/binding-openharmony-arm64":
      optional: true
    "@rolldown/binding-wasm32-wasi":
      optional: true
    "@rolldown/binding-win32-arm64-msvc":
      optional: true
    "@rolldown/binding-win32-x64-msvc":
      optional: true
  bin:
    rolldown: ./bin/cli.mjs
  checksum: 10/4dbe2c055104c47c15c051b713068cf4660acd473841904d3f7118f730922b2e498176610a45826cbc1ffe36842a29a076385d3bfcd5acb0f7ef8ad06b8feefb
  languageName: node
  linkType: hard

"semver@npm:^7.8.0":
  version: 7.8.1
  resolution: "semver@npm:7.8.1"
  bin:
    semver: bin/semver.js
  checksum: 10/3244f6c4cb3f8126fea0426d353829ed4967e41e1f4696337c6fdcad87426466fe2badaf49d7dc85849acfc496ea0599432a4aecc33802d2d774e723acfa30e6
  languageName: node
  linkType: hard

"setup-msvc-dev@workspace:.":
  version: 0.0.0-use.local
  resolution: "setup-msvc-dev@workspace:."
  dependencies:
    "@actions/core": "npm:^3.0.0"
    "@actions/github": "npm:^9.0.0"
    "@types/node": "npm:^24.3.0"
    tsdown: "npm:^0.22.0"
    typescript: "npm:^6.0.0"
  languageName: unknown
  linkType: soft

"tinyexec@npm:^1.1.2":
  version: 1.2.3
  resolution: "tinyexec@npm:1.2.3"
  checksum: 10/067ba5a28221db1a147baf23ca443102afda0fab120067c28cc65f2629b629283b6faf00e47440b72c4bdda940763fa691918b9ebf547da9be7aa4b9a798a930
  languageName: node
  linkType: hard

"tinyglobby@npm:^0.2.16":
  version: 0.2.17
  resolution: "tinyglobby@npm:0.2.17"
  dependencies:
    fdir: "npm:^6.5.0"
    picomatch: "npm:^4.0.4"
  checksum: 10/f85e8a217d675c3f78d5f0ad25ea4557e7e023ed13ddc2b014da10bd0312eea53a34cd52356af07ccdff777f1243012547656282a4ca70936f68bf5065fbaa71
  languageName: node
  linkType: hard

"tree-kill@npm:^1.2.2":
  version: 1.2.2
  resolution: "tree-kill@npm:1.2.2"
  bin:
    tree-kill: cli.js
  checksum: 10/49117f5f410d19c84b0464d29afb9642c863bc5ba40fcb9a245d474c6d5cc64d1b177a6e6713129eb346b40aebb9d4631d967517f9fbe8251c35b21b13cd96c7
  languageName: node
  linkType: hard

"tsdown@npm:^0.22.0":
  version: 0.22.1
  resolution: "tsdown@npm:0.22.1"
  dependencies:
    ansis: "npm:^4.3.0"
    cac: "npm:^7.0.0"
    defu: "npm:^6.1.7"
    empathic: "npm:^2.0.1"
    hookable: "npm:^6.1.1"
    import-without-cache: "npm:^0.4.0"
    obug: "npm:^2.1.1"
    picomatch: "npm:^4.0.4"
    rolldown: "npm:^1.0.2"
    rolldown-plugin-dts: "npm:^0.25.1"
    semver: "npm:^7.8.0"
    tinyexec: "npm:^1.1.2"
    tinyglobby: "npm:^0.2.16"
    tree-kill: "npm:^1.2.2"
    unconfig-core: "npm:^7.5.0"
  peerDependencies:
    "@arethetypeswrong/core": ^0.18.1
    "@tsdown/css": 0.22.1
    "@tsdown/exe": 0.22.1
    "@vitejs/devtools": "*"
    publint: ^0.3.8
    tsx: "*"
    typescript: ^5.0.0 || ^6.0.0
    unplugin-unused: ^0.5.0
    unrun: "*"
  peerDependenciesMeta:
    "@arethetypeswrong/core":
      optional: true
    "@tsdown/css":
      optional: true
    "@tsdown/exe":
      optional: true
    "@vitejs/devtools":
      optional: true
    publint:
      optional: true
    tsx:
      optional: true
    typescript:
      optional: true
    unplugin-unused:
      optional: true
    unrun:
      optional: true
  bin:
    tsdown: ./dist/run.mjs
  checksum: 10/530d7b74620c0bf2bc84a2643e37e09c392b86063f077ddea148cc868301ced1e196c432fed9ca0587cd0b6c26a51adfc41427dd0cda00f62094f4140abfd0a3
  languageName: node
  linkType: hard

"tslib@npm:^2.4.0":
  version: 2.8.1
  resolution: "tslib@npm:2.8.1"
  checksum: 10/3e2e043d5c2316461cb54e5c7fe02c30ef6dccb3384717ca22ae5c6b5bc95232a6241df19c622d9c73b809bea33b187f6dbc73030963e29950c2141bc32a79f7
  languageName: node
  linkType: hard

"tunnel@npm:^0.0.6":
  version: 0.0.6
  resolution: "tunnel@npm:0.0.6"
  checksum: 10/cf1ffed5e67159b901a924dbf94c989f20b2b3b65649cfbbe4b6abb35955ce2cf7433b23498bdb2c5530ab185b82190fce531597b3b4a649f06a907fc8702405
  languageName: node
  linkType: hard

"typescript@npm:^6.0.0":
  version: 6.0.3
  resolution: "typescript@npm:6.0.3"
  bin:
    tsc: bin/tsc
    tsserver: bin/tsserver
  checksum: 10/0ef2357a4cffd916b52b683a021cdab0f81eea4e9aa35f2d254581c9a5106da02224e3392e1b0ed42b7a48f80c966e5f52b8e1a27941fa0523c1705a9c2e0330
  languageName: node
  linkType: hard

"typescript@patch:typescript@npm%3A^6.0.0#optional!builtin<compat/typescript>":
  version: 6.0.3
  resolution: "typescript@patch:typescript@npm%3A6.0.3#optional!builtin<compat/typescript>::version=6.0.3&hash=5786d5"
  bin:
    tsc: bin/tsc
    tsserver: bin/tsserver
  checksum: 10/22b67a18dafedf9b1468b64ca20d9aa02ea61d449b65413d8aa6552aeb63f52ef369e86beb25b6b4c91a803d9726ee5c196f391a9b64201263263410a4223ee6
  languageName: node
  linkType: hard

"unconfig-core@npm:^7.5.0":
  version: 7.5.0
  resolution: "unconfig-core@npm:7.5.0"
  dependencies:
    "@quansync/fs": "npm:^1.0.0"
    quansync: "npm:^1.0.0"
  checksum: 10/2975b628788327c2dc42305b787622223b0c4afa8f9287f2ee13720bfbe6830ed8cb4751eeab9f2a7f399a2a8d6c062a304f940725451cb266641c068df226db
  languageName: node
  linkType: hard

"undici-types@npm:~7.16.0":
  version: 7.16.0
  resolution: "undici-types@npm:7.16.0"
  checksum: 10/db43439f69c2d94cc29f75cbfe9de86df87061d6b0c577ebe9bb3255f49b22c50162a7d7eb413b0458b6510b8ca299ac7cff38c3a29fbd31af9f504bcf7fbc0d
  languageName: node
  linkType: hard

"undici@npm:^6.23.0":
  version: 6.26.0
  resolution: "undici@npm:6.26.0"
  checksum: 10/a1715ee4304f58fecd61e0a8c3bd7064435cfbc98b3ec1414dba5e89de97d436b7e88dd094b06ff8440428bf36b56163fc88972118890826039865edf58bdfcf
  languageName: node
  linkType: hard

"universal-user-agent@npm:^7.0.0, universal-user-agent@npm:^7.0.2":
  version: 7.0.3
  resolution: "universal-user-agent@npm:7.0.3"
  checksum: 10/c497e85f8b11eb8fa4dce584d7a39cc98710164959f494cafc3c269b51abb20fff269951838efd7424d15f6b3d001507f3cb8b52bb5676fdb642019dfd17e63e
  languageName: node
  linkType: hard
