# This file is generated by running "yarn install" inside your project.
# Manual changes might be lost - proceed with caution!

__metadata:
  version: 9
  cacheKey: 10

"@actions/core@npm:^3.0.0":
  version: 3.0.1
  resolution: "@actions/core@npm:3.0.1"
  dependencies:
    "@actions/exec": "npm:^3.0.0"
    "@actions/http-client": "npm:^4.0.0"
  checksum: 10/e1295f6b81299cc5655ea571e7b3eea02889fdc479e71c783ad9ca48432c613f52a1fd01fecc973a64488b053083ea925a0d23ac7af0bcd8462afc4f4371918b
  languageName: node
  linkType: hard

"@actions/exec@npm:^3.0.0":
  version: 3.0.0
  resolution: "@actions/exec@npm:3.0.0"
  dependencies:
    "@actions/io": "npm:^3.0.2"
  checksum: 10/c1904163e326cbe27f887514b4837e357d46e7a6c5eeda66c0e2efffd2772cb34d8ef0a2a48c65eb0e3b6ec72beb9b049eaba343c9f55978d3f45b09d09d2c54
  languageName: node
  linkType: hard

"@actions/github@npm:^9.0.0":
  version: 9.1.1
  resolution: "@actions/github@npm:9.1.1"
  dependencies:
    "@actions/http-client": "npm:^3.0.2"
    "@octokit/core": "npm:^7.0.6"
    "@octokit/plugin-paginate-rest": "npm:^14.0.0"
    "@octokit/plugin-rest-endpoint-methods": "npm:^17.0.0"
    "@octokit/request": "npm:^10.0.7"
    "@octokit/request-error": "npm:^7.1.0"
    undici: "npm:^6.23.0"
  checksum: 10/eb77846e506df107208ee6a57aa38c80ce6cdd9ab499ec3518a8e3000334def8f93fcf2b43c8b512fede9b093a1ca39d184551a9c50f37cb8fc17704d09c7e70
  languageName: node
  linkType: hard

"@actions/http-client@npm:^3.0.2":
  version: 3.0.2
  resolution: "@actions/http-client@npm:3.0.2"
  dependencies:
    tunnel: "npm:^0.0.6"
    undici: "npm:^6.23.0"
  checksum: 10/36431245545cd54e2e2b25b333732801a904170a426cdcb6611423b9da70daeba2742d7258e7fb5a370e216082d3a416d04f47ea810d5e9d6cda8e6928466079
  languageName: node
  linkType: hard

"@actions/http-client@npm:^4.0.0":
  version: 4.0.0
  resolution: "@actions/http-client@npm:4.0.0"
  dependencies:
    tunnel: "npm:^0.0.6"
    undici: "npm:^6.23.0"
  checksum: 10/05f606174577cae62f563361326cc81ee4c83c468dd75e87ac93f59e8d53369a6479c3fc28a4e8ea1bfbb50c8ed7db941629b5dd9f6e3855fe5f639a2ccdabc5
  languageName: node
  linkType: hard

"@actions/io@npm:^3.0.2":
  version: 3.0.2
  resolution: "@actions/io@npm:3.0.2"
  checksum: 10/ef17cb4ec0a2b640d5f4851446ad1c12bf4b2b1cf83741c5eecee4e8f50b3ca3ac9ae4084027dcaa1bf0c016d653dbc0e5fe20daedd39ee5fb6edb671f6e45b5
  languageName: node
  linkType: hard

"@esbuild/aix-ppc64@npm:0.27.7":
  version: 0.27.7
  resolution: "@esbuild/aix-ppc64@npm:0.27.7"
  conditions: os=aix & cpu=ppc64
  languageName: node
  linkType: hard

"@esbuild/android-arm64@npm:0.27.7":
  version: 0.27.7
  resolution: "@esbuild/android-arm64@npm:0.27.7"
  conditions: os=android & cpu=arm64
  languageName: node
  linkType: hard

"@esbuild/android-arm@npm:0.27.7":
  version: 0.27.7
  resolution: "@esbuild/android-arm@npm:0.27.7"
  conditions: os=android & cpu=arm
  languageName: node
  linkType: hard

"@esbuild/android-x64@npm:0.27.7":
  version: 0.27.7
  resolution: "@esbuild/android-x64@npm:0.27.7"
  conditions: os=android & cpu=x64
  languageName: node
  linkType: hard

"@esbuild/darwin-arm64@npm:0.27.7":
  version: 0.27.7
  resolution: "@esbuild/darwin-arm64@npm:0.27.7"
  conditions: os=darwin & cpu=arm64
  languageName: node
  linkType: hard

"@esbuild/darwin-x64@npm:0.27.7":
  version: 0.27.7
  resolution: "@esbuild/darwin-x64@npm:0.27.7"
  conditions: os=darwin & cpu=x64
  languageName: node
  linkType: hard

"@esbuild/freebsd-arm64@npm:0.27.7":
  version: 0.27.7
  resolution: "@esbuild/freebsd-arm64@npm:0.27.7"
  conditions: os=freebsd & cpu=arm64
  languageName: node
  linkType: hard

"@esbuild/freebsd-x64@npm:0.27.7":
  version: 0.27.7
  resolution: "@esbuild/freebsd-x64@npm:0.27.7"
  conditions: os=freebsd & cpu=x64
  languageName: node
  linkType: hard

"@esbuild/linux-arm64@npm:0.27.7":
  version: 0.27.7
  resolution: "@esbuild/linux-arm64@npm:0.27.7"
  conditions: os=linux & cpu=arm64
  languageName: node
  linkType: hard

"@esbuild/linux-arm@npm:0.27.7":
  version: 0.27.7
  resolution: "@esbuild/linux-arm@npm:0.27.7"
  conditions: os=linux & cpu=arm
  languageName: node
  linkType: hard

"@esbuild/linux-ia32@npm:0.27.7":
  version: 0.27.7
  resolution: "@esbuild/linux-ia32@npm:0.27.7"
  conditions: os=linux & cpu=ia32
  languageName: node
  linkType: hard

"@esbuild/linux-loong64@npm:0.27.7":
  version: 0.27.7
  resolution: "@esbuild/linux-loong64@npm:0.27.7"
  conditions: os=linux & cpu=loong64
  languageName: node
  linkType: hard

"@esbuild/linux-mips64el@npm:0.27.7":
  version: 0.27.7
  resolution: "@esbuild/linux-mips64el@npm:0.27.7"
  conditions: os=linux & cpu=mips64el
  languageName: node
  linkType: hard

"@esbuild/linux-ppc64@npm:0.27.7":
  version: 0.27.7
  resolution: "@esbuild/linux-ppc64@npm:0.27.7"
  conditions: os=linux & cpu=ppc64
  languageName: node
  linkType: hard

"@esbuild/linux-riscv64@npm:0.27.7":
  version: 0.27.7
  resolution: "@esbuild/linux-riscv64@npm:0.27.7"
  conditions: os=linux & cpu=riscv64
  languageName: node
  linkType: hard

"@esbuild/linux-s390x@npm:0.27.7":
  version: 0.27.7
  resolution: "@esbuild/linux-s390x@npm:0.27.7"
  conditions: os=linux & cpu=s390x
  languageName: node
  linkType: hard

"@esbuild/linux-x64@npm:0.27.7":
  version: 0.27.7
  resolution: "@esbuild/linux-x64@npm:0.27.7"
  conditions: os=linux & cpu=x64
  languageName: node
  linkType: hard

"@esbuild/netbsd-arm64@npm:0.27.7":
  version: 0.27.7
  resolution: "@esbuild/netbsd-arm64@npm:0.27.7"
  conditions: os=netbsd & cpu=arm64
  languageName: node
  linkType: hard

"@esbuild/netbsd-x64@npm:0.27.7":
  version: 0.27.7
  resolution: "@esbuild/netbsd-x64@npm:0.27.7"
  conditions: os=netbsd & cpu=x64
  languageName: node
  linkType: hard

"@esbuild/openbsd-arm64@npm:0.27.7":
  version: 0.27.7
  resolution: "@esbuild/openbsd-arm64@npm:0.27.7"
  conditions: os=openbsd & cpu=arm64
  languageName: node
  linkType: hard

"@esbuild/openbsd-x64@npm:0.27.7":
  version: 0.27.7
  resolution: "@esbuild/openbsd-x64@npm:0.27.7"
  conditions: os=openbsd & cpu=x64
  languageName: node
  linkType: hard

"@esbuild/openharmony-arm64@npm:0.27.7":
  version: 0.27.7
  resolution: "@esbuild/openharmony-arm64@npm:0.27.7"
  conditions: os=openharmony & cpu=arm64
  languageName: node
  linkType: hard

"@esbuild/sunos-x64@npm:0.27.7":
  version: 0.27.7
  resolution: "@esbuild/sunos-x64@npm:0.27.7"
  conditions: os=sunos & cpu=x64
  languageName: node
  linkType: hard

"@esbuild/win32-arm64@npm:0.27.7":
  version: 0.27.7
  resolution: "@esbuild/win32-arm64@npm:0.27.7"
  conditions: os=win32 & cpu=arm64
  languageName: node
  linkType: hard

"@esbuild/win32-ia32@npm:0.27.7":
  version: 0.27.7
  resolution: "@esbuild/win32-ia32@npm:0.27.7"
  conditions: os=win32 & cpu=ia32
  languageName: node
  linkType: hard

"@esbuild/win32-x64@npm:0.27.7":
  version: 0.27.7
  resolution: "@esbuild/win32-x64@npm:0.27.7"
  conditions: os=win32 & cpu=x64
  languageName: node
  linkType: hard

"@isaacs/fs-minipass@npm:^4.0.0":
  version: 4.0.1
  resolution: "@isaacs/fs-minipass@npm:4.0.1"
  dependencies:
    minipass: "npm:^7.0.4"
  checksum: 10/4412e9e6713c89c1e66d80bb0bb5a2a93192f10477623a27d08f228ba0316bb880affabc5bfe7f838f58a34d26c2c190da726e576cdfc18c49a72e89adabdcf5
  languageName: node
  linkType: hard

"@jridgewell/gen-mapping@npm:^0.3.2":
  version: 0.3.13
  resolution: "@jridgewell/gen-mapping@npm:0.3.13"
  dependencies:
    "@jridgewell/sourcemap-codec": "npm:^1.5.0"
    "@jridgewell/trace-mapping": "npm:^0.3.24"
  checksum: 10/902f8261dcf450b4af7b93f9656918e02eec80a2169e155000cb2059f90113dd98f3ccf6efc6072cee1dd84cac48cade51da236972d942babc40e4c23da4d62a
  languageName: node
  linkType: hard

"@jridgewell/resolve-uri@npm:^3.1.0":
  version: 3.1.2
  resolution: "@jridgewell/resolve-uri@npm:3.1.2"
  checksum: 10/97106439d750a409c22c8bff822d648f6a71f3aa9bc8e5129efdc36343cd3096ddc4eeb1c62d2fe48e9bdd4db37b05d4646a17114ecebd3bbcacfa2de51c3c1d
  languageName: node
  linkType: hard

"@jridgewell/sourcemap-codec@npm:^1.4.14, @jridgewell/sourcemap-codec@npm:^1.5.0, @jridgewell/sourcemap-codec@npm:^1.5.5":
  version: 1.5.5
  resolution: "@jridgewell/sourcemap-codec@npm:1.5.5"
  checksum: 10/5d9d207b462c11e322d71911e55e21a4e2772f71ffe8d6f1221b8eb5ae6774458c1d242f897fb0814e8714ca9a6b498abfa74dfe4f434493342902b1a48b33a5
  languageName: node
  linkType: hard

"@jridgewell/trace-mapping@npm:^0.3.24":
  version: 0.3.31
  resolution: "@jridgewell/trace-mapping@npm:0.3.31"
  dependencies:
    "@jridgewell/resolve-uri": "npm:^3.1.0"
    "@jridgewell/sourcemap-codec": "npm:^1.4.14"
  checksum: 10/da0283270e691bdb5543806077548532791608e52386cfbbf3b9e8fb00457859d1bd01d512851161c886eb3a2f3ce6fd9bcf25db8edf3bddedd275bd4a88d606
  languageName: node
  linkType: hard

"@octokit/auth-token@npm:^6.0.0":
  version: 6.0.0
  resolution: "@octokit/auth-token@npm:6.0.0"
  checksum: 10/a30f5c4c984964b57193de5b6f67169f74e4779fedbe716157dd3558dd9de3ca5c105cae521b7bd8ce1ae180773a2ef01afe2306ad5a329f4fd291eba2b7c7d1
  languageName: node
  linkType: hard

"@octokit/core@npm:^7.0.6":
  version: 7.0.6
  resolution: "@octokit/core@npm:7.0.6"
  dependencies:
    "@octokit/auth-token": "npm:^6.0.0"
    "@octokit/graphql": "npm:^9.0.3"
    "@octokit/request": "npm:^10.0.6"
    "@octokit/request-error": "npm:^7.0.2"
    "@octokit/types": "npm:^16.0.0"
    before-after-hook: "npm:^4.0.0"
    universal-user-agent: "npm:^7.0.0"
  checksum: 10/852d41fc3150d2a891156427dd0575c77889f1c7a109894ee541594e3fd47c0d4e0a93fee22966c507dfd6158b522e42846c2ac46b9d896078194c95fa81f4ae
  languageName: node
  linkType: hard

"@octokit/endpoint@npm:^11.0.3":
  version: 11.0.3
  resolution: "@octokit/endpoint@npm:11.0.3"
  dependencies:
    "@octokit/types": "npm:^16.0.0"
    universal-user-agent: "npm:^7.0.2"
  checksum: 10/21b67d76fb1ea28bd87ca467c12dfab648af55522b936760316d70f8ccdd638f170d636ee72606857f0cd8f343f40c8a4e8f55993d6b1f5b9ecf102e072044c5
  languageName: node
  linkType: hard

"@octokit/graphql@npm:^9.0.3":
  version: 9.0.3
  resolution: "@octokit/graphql@npm:9.0.3"
  dependencies:
    "@octokit/request": "npm:^10.0.6"
    "@octokit/types": "npm:^16.0.0"
    universal-user-agent: "npm:^7.0.0"
  checksum: 10/7b16f281f8571dce55280b3986fbb8d15465a7236164a5f6497ded7597ff9ee95d5796924555b979903fe8c6706fe6be1b3e140d807297f85ac8edeadc28f9fe
  languageName: node
  linkType: hard

"@octokit/openapi-types@npm:^27.0.0":
  version: 27.0.0
  resolution: "@octokit/openapi-types@npm:27.0.0"
  checksum: 10/5cd2cdf4e41fdf522e15e3d53f3ece8380d98dda9173a6fc905828fb2c33e8733d5f5d2a757ae3a572525f4749748e66cb40e7939372132988d8eb4ba978d54f
  languageName: node
  linkType: hard

"@octokit/plugin-paginate-rest@npm:^14.0.0":
  version: 14.0.0
  resolution: "@octokit/plugin-paginate-rest@npm:14.0.0"
  dependencies:
    "@octokit/types": "npm:^16.0.0"
  peerDependencies:
    "@octokit/core": ">=6"
  checksum: 10/57ddd857528dad9c02431bc6254c2374c06057872cf9656a4a88b162ebe1c2bc9f34fbec360f2ccff72c940f29b120758ce14e8135bd027223d381eb1b8b6579
  languageName: node
  linkType: hard

"@octokit/plugin-rest-endpoint-methods@npm:^17.0.0":
  version: 17.0.0
  resolution: "@octokit/plugin-rest-endpoint-methods@npm:17.0.0"
  dependencies:
    "@octokit/types": "npm:^16.0.0"
  peerDependencies:
    "@octokit/core": ">=6"
  checksum: 10/e9d9ad4d9755cc7fb82fdcbfa870ddea8a432180f0f76c8469095557fd1e26f8caea8cae58401209be17c4f3d8cc48c0e16a3643e37e48f4d23c39e058bf2c55
  languageName: node
  linkType: hard

"@octokit/request-error@npm:^7.0.2, @octokit/request-error@npm:^7.1.0":
  version: 7.1.0
  resolution: "@octokit/request-error@npm:7.1.0"
  dependencies:
    "@octokit/types": "npm:^16.0.0"
  checksum: 10/c1d447ff7482382c69f7a4b2eaa44c672906dd111d8a9196a5d07f2adc4ae0f0e12ec4ce0063f14f9b2fb5f0cef4451c95ec961a7a711bd900e5d6441d546570
  languageName: node
  linkType: hard

"@octokit/request@npm:^10.0.6, @octokit/request@npm:^10.0.7":
  version: 10.0.8
  resolution: "@octokit/request@npm:10.0.8"
  dependencies:
    "@octokit/endpoint": "npm:^11.0.3"
    "@octokit/request-error": "npm:^7.0.2"
    "@octokit/types": "npm:^16.0.0"
    fast-content-type-parse: "npm:^3.0.0"
    json-with-bigint: "npm:^3.5.3"
    universal-user-agent: "npm:^7.0.2"
  checksum: 10/db1dc1f9b9b4717107ce777e1cfb497e3fbc1cbd68c98b33e1356b824f353c6db025014b030410a0a6f11d35c9bfa7837230ddc3c4df9d723a210e701a40f804
  languageName: node
  linkType: hard

"@octokit/types@npm:^16.0.0":
  version: 16.0.0
  resolution: "@octokit/types@npm:16.0.0"
  dependencies:
    "@octokit/openapi-types": "npm:^27.0.0"
  checksum: 10/03d5cfc29556a9b53eae8beb1bf15c0b704dc722db2c51b53f093f3c3ee6c1d8e20b682be8117a3a17034b458be7746d1b22aaefb959ceb5152ad7589b39e2c9
  languageName: node
  linkType: hard

"@rollup/rollup-android-arm-eabi@npm:4.60.2":
  version: 4.60.2
  resolution: "@rollup/rollup-android-arm-eabi@npm:4.60.2"
  conditions: os=android & cpu=arm
  languageName: node
  linkType: hard

"@rollup/rollup-android-arm64@npm:4.60.2":
  version: 4.60.2
  resolution: "@rollup/rollup-android-arm64@npm:4.60.2"
  conditions: os=android & cpu=arm64
  languageName: node
  linkType: hard

"@rollup/rollup-darwin-arm64@npm:4.60.2":
  version: 4.60.2
  resolution: "@rollup/rollup-darwin-arm64@npm:4.60.2"
  conditions: os=darwin & cpu=arm64
  languageName: node
  linkType: hard

"@rollup/rollup-darwin-x64@npm:4.60.2":
  version: 4.60.2
  resolution: "@rollup/rollup-darwin-x64@npm:4.60.2"
  conditions: os=darwin & cpu=x64
  languageName: node
  linkType: hard

"@rollup/rollup-freebsd-arm64@npm:4.60.2":
  version: 4.60.2
  resolution: "@rollup/rollup-freebsd-arm64@npm:4.60.2"
  conditions: os=freebsd & cpu=arm64
  languageName: node
  linkType: hard

"@rollup/rollup-freebsd-x64@npm:4.60.2":
  version: 4.60.2
  resolution: "@rollup/rollup-freebsd-x64@npm:4.60.2"
  conditions: os=freebsd & cpu=x64
  languageName: node
  linkType: hard

"@rollup/rollup-linux-arm-gnueabihf@npm:4.60.2":
  version: 4.60.2
  resolution: "@rollup/rollup-linux-arm-gnueabihf@npm:4.60.2"
  conditions: os=linux & cpu=arm & libc=glibc
  languageName: node
  linkType: hard

"@rollup/rollup-linux-arm-musleabihf@npm:4.60.2":
  version: 4.60.2
  resolution: "@rollup/rollup-linux-arm-musleabihf@npm:4.60.2"
  conditions: os=linux & cpu=arm & libc=musl
  languageName: node
  linkType: hard

"@rollup/rollup-linux-arm64-gnu@npm:4.60.2":
  version: 4.60.2
  resolution: "@rollup/rollup-linux-arm64-gnu@npm:4.60.2"
  conditions: os=linux & cpu=arm64 & libc=glibc
  languageName: node
  linkType: hard

"@rollup/rollup-linux-arm64-musl@npm:4.60.2":
  version: 4.60.2
  resolution: "@rollup/rollup-linux-arm64-musl@npm:4.60.2"
  conditions: os=linux & cpu=arm64 & libc=musl
  languageName: node
  linkType: hard

"@rollup/rollup-linux-loong64-gnu@npm:4.60.2":
  version: 4.60.2
  resolution: "@rollup/rollup-linux-loong64-gnu@npm:4.60.2"
  conditions: os=linux & cpu=loong64 & libc=glibc
  languageName: node
  linkType: hard

"@rollup/rollup-linux-loong64-musl@npm:4.60.2":
  version: 4.60.2
  resolution: "@rollup/rollup-linux-loong64-musl@npm:4.60.2"
  conditions: os=linux & cpu=loong64 & libc=musl
  languageName: node
  linkType: hard

"@rollup/rollup-linux-ppc64-gnu@npm:4.60.2":
  version: 4.60.2
  resolution: "@rollup/rollup-linux-ppc64-gnu@npm:4.60.2"
  conditions: os=linux & cpu=ppc64 & libc=glibc
  languageName: node
  linkType: hard

"@rollup/rollup-linux-ppc64-musl@npm:4.60.2":
  version: 4.60.2
  resolution: "@rollup/rollup-linux-ppc64-musl@npm:4.60.2"
  conditions: os=linux & cpu=ppc64 & libc=musl
  languageName: node
  linkType: hard

"@rollup/rollup-linux-riscv64-gnu@npm:4.60.2":
  version: 4.60.2
  resolution: "@rollup/rollup-linux-riscv64-gnu@npm:4.60.2"
  conditions: os=linux & cpu=riscv64 & libc=glibc
  languageName: node
  linkType: hard

"@rollup/rollup-linux-riscv64-musl@npm:4.60.2":
  version: 4.60.2
  resolution: "@rollup/rollup-linux-riscv64-musl@npm:4.60.2"
  conditions: os=linux & cpu=riscv64 & libc=musl
  languageName: node
  linkType: hard

"@rollup/rollup-linux-s390x-gnu@npm:4.60.2":
  version: 4.60.2
  resolution: "@rollup/rollup-linux-s390x-gnu@npm:4.60.2"
  conditions: os=linux & cpu=s390x & libc=glibc
  languageName: node
  linkType: hard

"@rollup/rollup-linux-x64-gnu@npm:4.60.2":
  version: 4.60.2
  resolution: "@rollup/rollup-linux-x64-gnu@npm:4.60.2"
  conditions: os=linux & cpu=x64 & libc=glibc
  languageName: node
  linkType: hard

"@rollup/rollup-linux-x64-musl@npm:4.60.2":
  version: 4.60.2
  resolution: "@rollup/rollup-linux-x64-musl@npm:4.60.2"
  conditions: os=linux & cpu=x64 & libc=musl
  languageName: node
  linkType: hard

"@rollup/rollup-openbsd-x64@npm:4.60.2":
  version: 4.60.2
  resolution: "@rollup/rollup-openbsd-x64@npm:4.60.2"
  conditions: os=openbsd & cpu=x64
  languageName: node
  linkType: hard

"@rollup/rollup-openharmony-arm64@npm:4.60.2":
  version: 4.60.2
  resolution: "@rollup/rollup-openharmony-arm64@npm:4.60.2"
  conditions: os=openharmony & cpu=arm64
  languageName: node
  linkType: hard

"@rollup/rollup-win32-arm64-msvc@npm:4.60.2":
  version: 4.60.2
  resolution: "@rollup/rollup-win32-arm64-msvc@npm:4.60.2"
  conditions: os=win32 & cpu=arm64
  languageName: node
  linkType: hard

"@rollup/rollup-win32-ia32-msvc@npm:4.60.2":
  version: 4.60.2
  resolution: "@rollup/rollup-win32-ia32-msvc@npm:4.60.2"
  conditions: os=win32 & cpu=ia32
  languageName: node
  linkType: hard

"@rollup/rollup-win32-x64-gnu@npm:4.60.2":
  version: 4.60.2
  resolution: "@rollup/rollup-win32-x64-gnu@npm:4.60.2"
  conditions: os=win32 & cpu=x64
  languageName: node
  linkType: hard

"@rollup/rollup-win32-x64-msvc@npm:4.60.2":
  version: 4.60.2
  resolution: "@rollup/rollup-win32-x64-msvc@npm:4.60.2"
  conditions: os=win32 & cpu=x64
  languageName: node
  linkType: hard

"@types/estree@npm:1.0.8":
  version: 1.0.8
  resolution: "@types/estree@npm:1.0.8"
  checksum: 10/25a4c16a6752538ffde2826c2cc0c6491d90e69cd6187bef4a006dd2c3c45469f049e643d7e516c515f21484dc3d48fd5c870be158a5beb72f5baf3dc43e4099
  languageName: node
  linkType: hard

"@types/node@npm:^24.3.0":
  version: 24.12.2
  resolution: "@types/node@npm:24.12.2"
  dependencies:
    undici-types: "npm:~7.16.0"
  checksum: 10/99b9f15e67a4b3c39b39ad83ee0febad7f0b4709c004863104d7acfa4146dd7e58c12a08a9a7ff2be8c2eefd0063bf991fade0879d7c4a370a0ee7fd4c799e8a
  languageName: node
  linkType: hard

"abbrev@npm:^4.0.0":
  version: 4.0.0
  resolution: "abbrev@npm:4.0.0"
  checksum: 10/e2f0c6a6708ad738b3e8f50233f4800de31ad41a6cdc50e0cbe51b76fed69fd0213516d92c15ce1a9985fca71a14606a9be22bf00f8475a58987b9bfb671c582
  languageName: node
  linkType: hard

"acorn@npm:^8.16.0":
  version: 8.16.0
  resolution: "acorn@npm:8.16.0"
  bin:
    acorn: bin/acorn
  checksum: 10/690c673bb4d61b38ef82795fab58526471ad7f7e67c0e40c4ff1e10ecd80ce5312554ef633c9995bfc4e6d170cef165711f9ca9e49040b62c0c66fbf2dd3df2b
  languageName: node
  linkType: hard

"any-promise@npm:^1.0.0":
  version: 1.3.0
  resolution: "any-promise@npm:1.3.0"
  checksum: 10/6737469ba353b5becf29e4dc3680736b9caa06d300bda6548812a8fee63ae7d336d756f88572fa6b5219aed36698d808fa55f62af3e7e6845c7a1dc77d240edb
  languageName: node
  linkType: hard

"before-after-hook@npm:^4.0.0":
  version: 4.0.0
  resolution: "before-after-hook@npm:4.0.0"
  checksum: 10/9fd52bc0c3cca0fb115e04dacbeeaacff38fa23e1af725d62392254c31ef433b15da60efcba61552e44d64e26f25ea259f72dba005115924389e88d2fd56e19f
  languageName: node
  linkType: hard

"bundle-require@npm:^5.1.0":
  version: 5.1.0
  resolution: "bundle-require@npm:5.1.0"
  dependencies:
    load-tsconfig: "npm:^0.2.3"
  peerDependencies:
    esbuild: ">=0.18"
  checksum: 10/735e0220055b9bdac20bea48ec1e10dc3a205232c889ef54767900bebdc721959c4ccb221e4ea434d7ddcd693a8a4445c3d0598e4040ee313ce0ac3aae3e6178
  languageName: node
  linkType: hard

"cac@npm:^6.7.14":
  version: 6.7.14
  resolution: "cac@npm:6.7.14"
  checksum: 10/002769a0fbfc51c062acd2a59df465a2a947916b02ac50b56c69ec6c018ee99ac3e7f4dd7366334ea847f1ecacf4defaa61bcd2ac283db50156ce1f1d8c8ad42
  languageName: node
  linkType: hard

"chokidar@npm:^4.0.3":
  version: 4.0.3
  resolution: "chokidar@npm:4.0.3"
  dependencies:
    readdirp: "npm:^4.0.1"
  checksum: 10/bf2a575ea5596000e88f5db95461a9d59ad2047e939d5a4aac59dd472d126be8f1c1ff3c7654b477cf532d18f42a97279ef80ee847972fd2a25410bf00b80b59
  languageName: node
  linkType: hard

"chownr@npm:^3.0.0":
  version: 3.0.0
  resolution: "chownr@npm:3.0.0"
  checksum: 10/b63cb1f73d171d140a2ed8154ee6566c8ab775d3196b0e03a2a94b5f6a0ce7777ee5685ca56849403c8d17bd457a6540672f9a60696a6137c7a409097495b82c
  languageName: node
  linkType: hard

"commander@npm:^4.0.0":
  version: 4.1.1
  resolution: "commander@npm:4.1.1"
  checksum: 10/3b2dc4125f387dab73b3294dbcb0ab2a862f9c0ad748ee2b27e3544d25325b7a8cdfbcc228d103a98a716960b14478114a5206b5415bd48cdafa38797891562c
  languageName: node
  linkType: hard

"confbox@npm:^0.1.8":
  version: 0.1.8
  resolution: "confbox@npm:0.1.8"
  checksum: 10/4ebcfb1c6a3b25276734ec5722e88768eb61fc02f98e11960b845c5c62bc27fd05f493d2a8244d9675b24ef95afe4c0d511cdcad02c72f5eeea463cc26687999
  languageName: node
  linkType: hard

"consola@npm:^3.4.0":
  version: 3.4.2
  resolution: "consola@npm:3.4.2"
  checksum: 10/32192c9f50d7cac27c5d7c4ecd3ff3679aea863e6bf5bd6a9cc2b05d1cd78addf5dae71df08c54330c142be8e7fbd46f051030129b57c6aacdd771efe409c4b2
  languageName: node
  linkType: hard

"debug@npm:^4.4.0":
  version: 4.4.3
  resolution: "debug@npm:4.4.3"
  dependencies:
    ms: "npm:^2.1.3"
  peerDependenciesMeta:
    supports-color:
      optional: true
  checksum: 10/9ada3434ea2993800bd9a1e320bd4aa7af69659fb51cca685d390949434bc0a8873c21ed7c9b852af6f2455a55c6d050aa3937d52b3c69f796dab666f762acad
  languageName: node
  linkType: hard

"env-paths@npm:^2.2.0":
  version: 2.2.1
  resolution: "env-paths@npm:2.2.1"
  checksum: 10/65b5df55a8bab92229ab2b40dad3b387fad24613263d103a97f91c9fe43ceb21965cd3392b1ccb5d77088021e525c4e0481adb309625d0cb94ade1d1fb8dc17e
  languageName: node
  linkType: hard

"esbuild@npm:^0.27.0":
  version: 0.27.7
  resolution: "esbuild@npm:0.27.7"
  dependencies:
    "@esbuild/aix-ppc64": "npm:0.27.7"
    "@esbuild/android-arm": "npm:0.27.7"
    "@esbuild/android-arm64": "npm:0.27.7"
    "@esbuild/android-x64": "npm:0.27.7"
    "@esbuild/darwin-arm64": "npm:0.27.7"
    "@esbuild/darwin-x64": "npm:0.27.7"
    "@esbuild/freebsd-arm64": "npm:0.27.7"
    "@esbuild/freebsd-x64": "npm:0.27.7"
    "@esbuild/linux-arm": "npm:0.27.7"
    "@esbuild/linux-arm64": "npm:0.27.7"
    "@esbuild/linux-ia32": "npm:0.27.7"
    "@esbuild/linux-loong64": "npm:0.27.7"
    "@esbuild/linux-mips64el": "npm:0.27.7"
    "@esbuild/linux-ppc64": "npm:0.27.7"
    "@esbuild/linux-riscv64": "npm:0.27.7"
    "@esbuild/linux-s390x": "npm:0.27.7"
    "@esbuild/linux-x64": "npm:0.27.7"
    "@esbuild/netbsd-arm64": "npm:0.27.7"
    "@esbuild/netbsd-x64": "npm:0.27.7"
    "@esbuild/openbsd-arm64": "npm:0.27.7"
    "@esbuild/openbsd-x64": "npm:0.27.7"
    "@esbuild/openharmony-arm64": "npm:0.27.7"
    "@esbuild/sunos-x64": "npm:0.27.7"
    "@esbuild/win32-arm64": "npm:0.27.7"
    "@esbuild/win32-ia32": "npm:0.27.7"
    "@esbuild/win32-x64": "npm:0.27.7"
  dependenciesMeta:
    "@esbuild/aix-ppc64":
      optional: true
    "@esbuild/android-arm":
      optional: true
    "@esbuild/android-arm64":
      optional: true
    "@esbuild/android-x64":
      optional: true
    "@esbuild/darwin-arm64":
      optional: true
    "@esbuild/darwin-x64":
      optional: true
    "@esbuild/freebsd-arm64":
      optional: true
    "@esbuild/freebsd-x64":
      optional: true
    "@esbuild/linux-arm":
      optional: true
    "@esbuild/linux-arm64":
      optional: true
    "@esbuild/linux-ia32":
      optional: true
    "@esbuild/linux-loong64":
      optional: true
    "@esbuild/linux-mips64el":
      optional: true
    "@esbuild/linux-ppc64":
      optional: true
    "@esbuild/linux-riscv64":
      optional: true
    "@esbuild/linux-s390x":
      optional: true
    "@esbuild/linux-x64":
      optional: true
    "@esbuild/netbsd-arm64":
      optional: true
    "@esbuild/netbsd-x64":
      optional: true
    "@esbuild/openbsd-arm64":
      optional: true
    "@esbuild/openbsd-x64":
      optional: true
    "@esbuild/openharmony-arm64":
      optional: true
    "@esbuild/sunos-x64":
      optional: true
    "@esbuild/win32-arm64":
      optional: true
    "@esbuild/win32-ia32":
      optional: true
    "@esbuild/win32-x64":
      optional: true
  bin:
    esbuild: bin/esbuild
  checksum: 10/262b16c4a33cb70e9f054759a7ce420541649315eef7b064172c795021ccce322e56c3f5fd52e8842873f1c23745f3ab62311a24860950bd5406ba77b36b8529
  languageName: node
  linkType: hard

"exponential-backoff@npm:^3.1.1":
  version: 3.1.3
  resolution: "exponential-backoff@npm:3.1.3"
  checksum: 10/ca25962b4bbab943b7c4ed0b5228e263833a5063c65e1cdeac4be9afad350aae5466e8e619b5051f4f8d37b2144a2d6e8fcc771b6cc82934f7dade2f964f652c
  languageName: node
  linkType: hard

"fast-content-type-parse@npm:^3.0.0":
  version: 3.0.0
  resolution: "fast-content-type-parse@npm:3.0.0"
  checksum: 10/8616a8aa6c9b4f8f4f3c90eaa4e7bfc2240cfa6f41f0eef5b5aa2b2c8b38bd9ad435f1488b6d817ffd725c54651e2777b882ae9dd59366e71e7896f1ec11d473
  languageName: node
  linkType: hard

"fdir@npm:^6.5.0":
  version: 6.5.0
  resolution: "fdir@npm:6.5.0"
  peerDependencies:
    picomatch: ^3 || ^4
  peerDependenciesMeta:
    picomatch:
      optional: true
  checksum: 10/14ca1c9f0a0e8f4f2e9bf4e8551065a164a09545dae548c12a18d238b72e51e5a7b39bd8e5494b56463a0877672d0a6c1ef62c6fa0677db1b0c847773be939b1
  languageName: node
  linkType: hard

"fix-dts-default-cjs-exports@npm:^1.0.0":
  version: 1.0.1
  resolution: "fix-dts-default-cjs-exports@npm:1.0.1"
  dependencies:
    magic-string: "npm:^0.30.17"
    mlly: "npm:^1.7.4"
    rollup: "npm:^4.34.8"
  checksum: 10/3324418bb63c93b6b22a808e242d220caba804860c24218b2912abc4525525334fcdcb62d22be6472a8d84ee2ad4165bc79554140c3369eb11d23220cdd986ce
  languageName: node
  linkType: hard

"fsevents@npm:~2.3.2":
  version: 2.3.3
  resolution: "fsevents@npm:2.3.3"
  dependencies:
    node-gyp: "npm:latest"
  checksum: 10/4c1ade961ded57cdbfbb5cac5106ec17bc8bccd62e16343c569a0ceeca83b9dfef87550b4dc5cbb89642da412b20c5071f304c8c464b80415446e8e155a038c0
  conditions: os=darwin
  languageName: node
  linkType: hard

"fsevents@patch:fsevents@npm%3A~2.3.2#optional!builtin<compat/fsevents>":
  version: 2.3.3
  resolution: "fsevents@patch:fsevents@npm%3A2.3.3#optional!builtin<compat/fsevents>::version=2.3.3&hash=df0bf1"
  dependencies:
    node-gyp: "npm:latest"
  conditions: os=darwin
  languageName: node
  linkType: hard

"graceful-fs@npm:^4.2.6":
  version: 4.2.11
  resolution: "graceful-fs@npm:4.2.11"
  checksum: 10/bf152d0ed1dc159239db1ba1f74fdbc40cb02f626770dcd5815c427ce0688c2635a06ed69af364396da4636d0408fcf7d4afdf7881724c3307e46aff30ca49e2
  languageName: node
  linkType: hard

"isexe@npm:^4.0.0":
  version: 4.0.0
  resolution: "isexe@npm:4.0.0"
  checksum: 10/2ead327ef596042ef9c9ec5f236b316acfaedb87f4bb61b3c3d574fb2e9c8a04b67305e04733bde52c24d9622fdebd3270aadb632adfbf9cadef88fe30f479e5
  languageName: node
  linkType: hard

"joycon@npm:^3.1.1":
  version: 3.1.1
  resolution: "joycon@npm:3.1.1"
  checksum: 10/4b36e3479144ec196425f46b3618f8a96ce7e1b658f091a309cd4906215f5b7a402d7df331a3e0a09681381a658d0c5f039cb3cf6907e0a1e17ed847f5d37775
  languageName: node
  linkType: hard

"json-with-bigint@npm:^3.5.3":
  version: 3.5.8
  resolution: "json-with-bigint@npm:3.5.8"
  checksum: 10/84c4b34a2578a7cfae75eaa8d079343ec5350770e15fb951c8910972aecb4718d8c303bbfacdebb3a5e196092a759a1f65403ca4caeaf705d11408d989c866e5
  languageName: node
  linkType: hard

"lilconfig@npm:^3.1.1":
  version: 3.1.3
  resolution: "lilconfig@npm:3.1.3"
  checksum: 10/b932ce1af94985f0efbe8896e57b1f814a48c8dbd7fc0ef8469785c6303ed29d0090af3ccad7e36b626bfca3a4dc56cc262697e9a8dd867623cf09a39d54e4c3
  languageName: node
  linkType: hard

"lines-and-columns@npm:^1.1.6":
  version: 1.2.4
  resolution: "lines-and-columns@npm:1.2.4"
  checksum: 10/0c37f9f7fa212b38912b7145e1cd16a5f3cd34d782441c3e6ca653485d326f58b3caccda66efce1c5812bde4961bbde3374fae4b0d11bf1226152337f3894aa5
  languageName: node
  linkType: hard

"load-tsconfig@npm:^0.2.3":
  version: 0.2.5
  resolution: "load-tsconfig@npm:0.2.5"
  checksum: 10/b3176f6f0c86dbdbbc7e337440a803b0b4407c55e2e1cfc53bd3db68e0211448f36428a6075ecf5e286db5d1bf791da756fc0ac4d2447717140fb6a5218ecfb4
  languageName: node
  linkType: hard

"magic-string@npm:^0.30.17":
  version: 0.30.21
  resolution: "magic-string@npm:0.30.21"
  dependencies:
    "@jridgewell/sourcemap-codec": "npm:^1.5.5"
  checksum: 10/57d5691f41ed40d962d8bd300148114f53db67fadbff336207db10a99f2bdf4a1be9cac3a68ee85dba575912ee1d4402e4396408196ec2d3afd043b076156221
  languageName: node
  linkType: hard

"minipass@npm:^7.0.4, minipass@npm:^7.1.2":
  version: 7.1.3
  resolution: "minipass@npm:7.1.3"
  checksum: 10/175e4d5e20980c3cd316ae82d2c031c42f6c746467d8b1905b51060a0ba4461441a0c25bb67c025fd9617f9a3873e152c7b543c6b5ac83a1846be8ade80dffd6
  languageName: node
  linkType: hard

"minizlib@npm:^3.1.0":
  version: 3.1.0
  resolution: "minizlib@npm:3.1.0"
  dependencies:
    minipass: "npm:^7.1.2"
  checksum: 10/f47365cc2cb7f078cbe7e046eb52655e2e7e97f8c0a9a674f4da60d94fb0624edfcec9b5db32e8ba5a99a5f036f595680ae6fe02a262beaa73026e505cc52f99
  languageName: node
  linkType: hard

"mlly@npm:^1.7.4":
  version: 1.8.2
  resolution: "mlly@npm:1.8.2"
  dependencies:
    acorn: "npm:^8.16.0"
    pathe: "npm:^2.0.3"
    pkg-types: "npm:^1.3.1"
    ufo: "npm:^1.6.3"
  checksum: 10/e13b79edb113ac9d3ce8b5998d490cd979e907d31b562b9c6630e59623d32710cc83be1da46755ccd3143c57d50debcf98a9903d55e6e07e57910dc3369d96c1
  languageName: node
  linkType: hard

"ms@npm:^2.1.3":
  version: 2.1.3
  resolution: "ms@npm:2.1.3"
  checksum: 10/aa92de608021b242401676e35cfa5aa42dd70cbdc082b916da7fb925c542173e36bce97ea3e804923fe92c0ad991434e4a38327e15a1b5b5f945d66df615ae6d
  languageName: node
  linkType: hard

"mz@npm:^2.7.0":
  version: 2.7.0
  resolution: "mz@npm:2.7.0"
  dependencies:
    any-promise: "npm:^1.0.0"
    object-assign: "npm:^4.0.1"
    thenify-all: "npm:^1.0.0"
  checksum: 10/8427de0ece99a07e9faed3c0c6778820d7543e3776f9a84d22cf0ec0a8eb65f6e9aee9c9d353ff9a105ff62d33a9463c6ca638974cc652ee8140cd1e35951c87
  languageName: node
  linkType: hard

"node-gyp@npm:latest":
  version: 12.3.0
  resolution: "node-gyp@npm:12.3.0"
  dependencies:
    env-paths: "npm:^2.2.0"
    exponential-backoff: "npm:^3.1.1"
    graceful-fs: "npm:^4.2.6"
    nopt: "npm:^9.0.0"
    proc-log: "npm:^6.0.0"
    semver: "npm:^7.3.5"
    tar: "npm:^7.5.4"
    tinyglobby: "npm:^0.2.12"
    undici: "npm:^6.25.0"
    which: "npm:^6.0.0"
  bin:
    node-gyp: bin/node-gyp.js
  checksum: 10/cd97bf17f0f3e6288c42cc23a6db8528a98e7530abdb72ab558272906d603362e4558069f99f8a5250bc78f65ff305b1438caca4f1b31c81904a8798c242603e
  languageName: node
  linkType: hard

"nopt@npm:^9.0.0":
  version: 9.0.0
  resolution: "nopt@npm:9.0.0"
  dependencies:
    abbrev: "npm:^4.0.0"
  bin:
    nopt: bin/nopt.js
  checksum: 10/56a1ccd2ad711fb5115918e2c96828703cddbe12ba2c3bd00591758f6fa30e6f47dd905c59dbfcf9b773f3a293b45996609fb6789ae29d6bfcc3cf3a6f7d9fda
  languageName: node
  linkType: hard

"object-assign@npm:^4.0.1":
  version: 4.1.1
  resolution: "object-assign@npm:4.1.1"
  checksum: 10/fcc6e4ea8c7fe48abfbb552578b1c53e0d194086e2e6bbbf59e0a536381a292f39943c6e9628af05b5528aa5e3318bb30d6b2e53cadaf5b8fe9e12c4b69af23f
  languageName: node
  linkType: hard

"pathe@npm:^2.0.1, pathe@npm:^2.0.3":
  version: 2.0.3
  resolution: "pathe@npm:2.0.3"
  checksum: 10/01e9a69928f39087d96e1751ce7d6d50da8c39abf9a12e0ac2389c42c83bc76f78c45a475bd9026a02e6a6f79be63acc75667df855862fe567d99a00a540d23d
  languageName: node
  linkType: hard

"picocolors@npm:^1.1.1":
  version: 1.1.1
  resolution: "picocolors@npm:1.1.1"
  checksum: 10/e1cf46bf84886c79055fdfa9dcb3e4711ad259949e3565154b004b260cd356c5d54b31a1437ce9782624bf766272fe6b0154f5f0c744fb7af5d454d2b60db045
  languageName: node
  linkType: hard

"picomatch@npm:^4.0.4":
  version: 4.0.4
  resolution: "picomatch@npm:4.0.4"
  checksum: 10/f6ef80a3590827ce20378ae110ac78209cc4f74d39236370f1780f957b7ee41c12acde0e4651b90f39983506fd2f5e449994716f516db2e9752924aff8de93ce
  languageName: node
  linkType: hard

"pirates@npm:^4.0.1":
  version: 4.0.7
  resolution: "pirates@npm:4.0.7"
  checksum: 10/2427f371366081ae42feb58214f04805d6b41d6b84d74480ebcc9e0ddbd7105a139f7c653daeaf83ad8a1a77214cf07f64178e76de048128fec501eab3305a96
  languageName: node
  linkType: hard

"pkg-types@npm:^1.3.1":
  version: 1.3.1
  resolution: "pkg-types@npm:1.3.1"
  dependencies:
    confbox: "npm:^0.1.8"
    mlly: "npm:^1.7.4"
    pathe: "npm:^2.0.1"
  checksum: 10/6d491f2244597b24fb59a50e3c258f27da3839555d2a4e112b31bcf536e9359fc4edc98639cd74d2cf16fcd4269e5a09d99fc05d89e2acc896a2f027c2f6ec44
  languageName: node
  linkType: hard

"postcss-load-config@npm:^6.0.1":
  version: 6.0.1
  resolution: "postcss-load-config@npm:6.0.1"
  dependencies:
    lilconfig: "npm:^3.1.1"
  peerDependencies:
    jiti: ">=1.21.0"
    postcss: ">=8.0.9"
    tsx: ^4.8.1
    yaml: ^2.4.2
  peerDependenciesMeta:
    jiti:
      optional: true
    postcss:
      optional: true
    tsx:
      optional: true
    yaml:
      optional: true
  checksum: 10/1691cfc94948a9373d4f7b3b7a8500cfaf8cb2dcc2107c14f90f2a711a9892a362b0866894ac5bb723455fa685a15116d9ed3252188689c4502b137c19d6bdc4
  languageName: node
  linkType: hard

"proc-log@npm:^6.0.0":
  version: 6.1.0
  resolution: "proc-log@npm:6.1.0"
  checksum: 10/9033f30f168ed5a0991b773d0c50ff88384c4738e9a0a67d341de36bf7293771eed648ab6a0562f62276da12fde91f3bbfc75ffff6e71ad49aafd74fc646be66
  languageName: node
  linkType: hard

"readdirp@npm:^4.0.1":
  version: 4.1.2
  resolution: "readdirp@npm:4.1.2"
  checksum: 10/7b817c265940dba90bb9c94d82920d76c3a35ea2d67f9f9d8bd936adcfe02d50c802b14be3dd2e725e002dddbe2cc1c7a0edfb1bc3a365c9dfd5a61e612eea1e
  languageName: node
  linkType: hard

"resolve-from@npm:^5.0.0":
  version: 5.0.0
  resolution: "resolve-from@npm:5.0.0"
  checksum: 10/be18a5e4d76dd711778664829841cde690971d02b6cbae277735a09c1c28f407b99ef6ef3cd585a1e6546d4097b28df40ed32c4a287b9699dcf6d7f208495e23
  languageName: node
  linkType: hard

"rollup@npm:^4.34.8":
  version: 4.60.2
  resolution: "rollup@npm:4.60.2"
  dependencies:
    "@rollup/rollup-android-arm-eabi": "npm:4.60.2"
    "@rollup/rollup-android-arm64": "npm:4.60.2"
    "@rollup/rollup-darwin-arm64": "npm:4.60.2"
    "@rollup/rollup-darwin-x64": "npm:4.60.2"
    "@rollup/rollup-freebsd-arm64": "npm:4.60.2"
    "@rollup/rollup-freebsd-x64": "npm:4.60.2"
    "@rollup/rollup-linux-arm-gnueabihf": "npm:4.60.2"
    "@rollup/rollup-linux-arm-musleabihf": "npm:4.60.2"
    "@rollup/rollup-linux-arm64-gnu": "npm:4.60.2"
    "@rollup/rollup-linux-arm64-musl": "npm:4.60.2"
    "@rollup/rollup-linux-loong64-gnu": "npm:4.60.2"
    "@rollup/rollup-linux-loong64-musl": "npm:4.60.2"
    "@rollup/rollup-linux-ppc64-gnu": "npm:4.60.2"
    "@rollup/rollup-linux-ppc64-musl": "npm:4.60.2"
    "@rollup/rollup-linux-riscv64-gnu": "npm:4.60.2"
    "@rollup/rollup-linux-riscv64-musl": "npm:4.60.2"
    "@rollup/rollup-linux-s390x-gnu": "npm:4.60.2"
    "@rollup/rollup-linux-x64-gnu": "npm:4.60.2"
    "@rollup/rollup-linux-x64-musl": "npm:4.60.2"
    "@rollup/rollup-openbsd-x64": "npm:4.60.2"
    "@rollup/rollup-openharmony-arm64": "npm:4.60.2"
    "@rollup/rollup-win32-arm64-msvc": "npm:4.60.2"
    "@rollup/rollup-win32-ia32-msvc": "npm:4.60.2"
    "@rollup/rollup-win32-x64-gnu": "npm:4.60.2"
    "@rollup/rollup-win32-x64-msvc": "npm:4.60.2"
    "@types/estree": "npm:1.0.8"
    fsevents: "npm:~2.3.2"
  dependenciesMeta:
    "@rollup/rollup-android-arm-eabi":
      optional: true
    "@rollup/rollup-android-arm64":
      optional: true
    "@rollup/rollup-darwin-arm64":
      optional: true
    "@rollup/rollup-darwin-x64":
      optional: true
    "@rollup/rollup-freebsd-arm64":
      optional: true
    "@rollup/rollup-freebsd-x64":
      optional: true
    "@rollup/rollup-linux-arm-gnueabihf":
      optional: true
    "@rollup/rollup-linux-arm-musleabihf":
      optional: true
    "@rollup/rollup-linux-arm64-gnu":
      optional: true
    "@rollup/rollup-linux-arm64-musl":
      optional: true
    "@rollup/rollup-linux-loong64-gnu":
      optional: true
    "@rollup/rollup-linux-loong64-musl":
      optional: true
    "@rollup/rollup-linux-ppc64-gnu":
      optional: true
    "@rollup/rollup-linux-ppc64-musl":
      optional: true
    "@rollup/rollup-linux-riscv64-gnu":
      optional: true
    "@rollup/rollup-linux-riscv64-musl":
      optional: true
    "@rollup/rollup-linux-s390x-gnu":
      optional: true
    "@rollup/rollup-linux-x64-gnu":
      optional: true
    "@rollup/rollup-linux-x64-musl":
      optional: true
    "@rollup/rollup-openbsd-x64":
      optional: true
    "@rollup/rollup-openharmony-arm64":
      optional: true
    "@rollup/rollup-win32-arm64-msvc":
      optional: true
    "@rollup/rollup-win32-ia32-msvc":
      optional: true
    "@rollup/rollup-win32-x64-gnu":
      optional: true
    "@rollup/rollup-win32-x64-msvc":
      optional: true
    fsevents:
      optional: true
  bin:
    rollup: dist/bin/rollup
  checksum: 10/354041c7d7f745866cc001bb09d157ae8c0602e82311823e724aa85a45c16346a09bd6bced9f773b0a16aba66abaf45e2952ec643e694a4b30df6dc69daa47ce
  languageName: node
  linkType: hard

"semver@npm:^7.3.5":
  version: 7.7.4
  resolution: "semver@npm:7.7.4"
  bin:
    semver: bin/semver.js
  checksum: 10/26bdc6d58b29528f4142d29afb8526bc335f4fc04c4a10f2b98b217f277a031c66736bf82d3d3bb354a2f6a3ae50f18fd62b053c4ac3f294a3d10a61f5075b75
  languageName: node
  linkType: hard

"setup-msvc-dev@workspace:.":
  version: 0.0.0-use.local
  resolution: "setup-msvc-dev@workspace:."
  dependencies:
    "@actions/core": "npm:^3.0.0"
    "@actions/github": "npm:^9.0.0"
    "@types/node": "npm:^24.3.0"
    tsup: "npm:^8.5.1"
    typescript: "npm:^6.0.0"
  languageName: unknown
  linkType: soft

"source-map@npm:^0.7.6":
  version: 0.7.6
  resolution: "source-map@npm:0.7.6"
  checksum: 10/c8d2da7c57c14f3fd7568f764b39ad49bbf9dd7632b86df3542b31fed117d4af2fb74a4f886fc06baf7a510fee68e37998efc3080aacdac951c36211dc29a7a3
  languageName: node
  linkType: hard

"sucrase@npm:^3.35.0":
  version: 3.35.1
  resolution: "sucrase@npm:3.35.1"
  dependencies:
    "@jridgewell/gen-mapping": "npm:^0.3.2"
    commander: "npm:^4.0.0"
    lines-and-columns: "npm:^1.1.6"
    mz: "npm:^2.7.0"
    pirates: "npm:^4.0.1"
    tinyglobby: "npm:^0.2.11"
    ts-interface-checker: "npm:^0.1.9"
  bin:
    sucrase: bin/sucrase
    sucrase-node: bin/sucrase-node
  checksum: 10/539f5c6ebc1ff8d449a89eb52b8c8944a730b9840ddadbd299a7d89ebcf16c3f4bc9aa59e1f2e112a502e5cf1508f7e02065f0e97c0435eb9a7058e997dfff5a
  languageName: node
  linkType: hard

"tar@npm:^7.5.4":
  version: 7.5.13
  resolution: "tar@npm:7.5.13"
  dependencies:
    "@isaacs/fs-minipass": "npm:^4.0.0"
    chownr: "npm:^3.0.0"
    minipass: "npm:^7.1.2"
    minizlib: "npm:^3.1.0"
    yallist: "npm:^5.0.0"
  checksum: 10/2bc2b6f0349038a6621dbba1c4522d45752d5071b2994692257113c2050cd23fafc30308f820e5f8ad6fda3f7d7f92adc9a432aa733daa04c42af2061c021c3f
  languageName: node
  linkType: hard

"thenify-all@npm:^1.0.0":
  version: 1.6.0
  resolution: "thenify-all@npm:1.6.0"
  dependencies:
    thenify: "npm:>= 3.1.0 < 4"
  checksum: 10/dba7cc8a23a154cdcb6acb7f51d61511c37a6b077ec5ab5da6e8b874272015937788402fd271fdfc5f187f8cb0948e38d0a42dcc89d554d731652ab458f5343e
  languageName: node
  linkType: hard

"thenify@npm:>= 3.1.0 < 4":
  version: 3.3.1
  resolution: "thenify@npm:3.3.1"
  dependencies:
    any-promise: "npm:^1.0.0"
  checksum: 10/486e1283a867440a904e36741ff1a177faa827cf94d69506f7e3ae4187b9afdf9ec368b3d8da225c192bfe2eb943f3f0080594156bf39f21b57cd1411e2e7f6d
  languageName: node
  linkType: hard

"tinyexec@npm:^0.3.2":
  version: 0.3.2
  resolution: "tinyexec@npm:0.3.2"
  checksum: 10/b9d5fed3166fb1acd1e7f9a89afcd97ccbe18b9c1af0278e429455f6976d69271ba2d21797e7c36d57d6b05025e525d2882d88c2ab435b60d1ddf2fea361de57
  languageName: node
  linkType: hard

"tinyglobby@npm:^0.2.11, tinyglobby@npm:^0.2.12":
  version: 0.2.16
  resolution: "tinyglobby@npm:0.2.16"
  dependencies:
    fdir: "npm:^6.5.0"
    picomatch: "npm:^4.0.4"
  checksum: 10/5c2c41b572ada38449e7c86a5fe034f204a1dbba577225a761a14f29f48dc3f2fc0d81a6c56fcc67c5a742cc3aa9fb5e2ca18dbf22b610b0bc0e549b34d5a0f8
  languageName: node
  linkType: hard

"tree-kill@npm:^1.2.2":
  version: 1.2.2
  resolution: "tree-kill@npm:1.2.2"
  bin:
    tree-kill: cli.js
  checksum: 10/49117f5f410d19c84b0464d29afb9642c863bc5ba40fcb9a245d474c6d5cc64d1b177a6e6713129eb346b40aebb9d4631d967517f9fbe8251c35b21b13cd96c7
  languageName: node
  linkType: hard

"ts-interface-checker@npm:^0.1.9":
  version: 0.1.13
  resolution: "ts-interface-checker@npm:0.1.13"
  checksum: 10/9f7346b9e25bade7a1050c001ec5a4f7023909c0e1644c5a96ae20703a131627f081479e6622a4ecee2177283d0069e651e507bedadd3904fc4010ab28ffce00
  languageName: node
  linkType: hard

"tsup@npm:^8.5.1":
  version: 8.5.1
  resolution: "tsup@npm:8.5.1"
  dependencies:
    bundle-require: "npm:^5.1.0"
    cac: "npm:^6.7.14"
    chokidar: "npm:^4.0.3"
    consola: "npm:^3.4.0"
    debug: "npm:^4.4.0"
    esbuild: "npm:^0.27.0"
    fix-dts-default-cjs-exports: "npm:^1.0.0"
    joycon: "npm:^3.1.1"
    picocolors: "npm:^1.1.1"
    postcss-load-config: "npm:^6.0.1"
    resolve-from: "npm:^5.0.0"
    rollup: "npm:^4.34.8"
    source-map: "npm:^0.7.6"
    sucrase: "npm:^3.35.0"
    tinyexec: "npm:^0.3.2"
    tinyglobby: "npm:^0.2.11"
    tree-kill: "npm:^1.2.2"
  peerDependencies:
    "@microsoft/api-extractor": ^7.36.0
    "@swc/core": ^1
    postcss: ^8.4.12
    typescript: ">=4.5.0"
  peerDependenciesMeta:
    "@microsoft/api-extractor":
      optional: true
    "@swc/core":
      optional: true
    postcss:
      optional: true
    typescript:
      optional: true
  bin:
    tsup: dist/cli-default.js
    tsup-node: dist/cli-node.js
  checksum: 10/f1927ec2dda93b218b39cd1cac1040902eef66e026261f5c265197c2f660cb5b9e1fb89353d50de5c6a5616463c02800e87e1daad7620b9c9051221d93c66824
  languageName: node
  linkType: hard

"tunnel@npm:^0.0.6":
  version: 0.0.6
  resolution: "tunnel@npm:0.0.6"
  checksum: 10/cf1ffed5e67159b901a924dbf94c989f20b2b3b65649cfbbe4b6abb35955ce2cf7433b23498bdb2c5530ab185b82190fce531597b3b4a649f06a907fc8702405
  languageName: node
  linkType: hard

"typescript@npm:^6.0.0":
  version: 6.0.3
  resolution: "typescript@npm:6.0.3"
  bin:
    tsc: bin/tsc
    tsserver: bin/tsserver
  checksum: 10/0ef2357a4cffd916b52b683a021cdab0f81eea4e9aa35f2d254581c9a5106da02224e3392e1b0ed42b7a48f80c966e5f52b8e1a27941fa0523c1705a9c2e0330
  languageName: node
  linkType: hard

"typescript@patch:typescript@npm%3A^6.0.0#optional!builtin<compat/typescript>":
  version: 6.0.3
  resolution: "typescript@patch:typescript@npm%3A6.0.3#optional!builtin<compat/typescript>::version=6.0.3&hash=5786d5"
  bin:
    tsc: bin/tsc
    tsserver: bin/tsserver
  checksum: 10/22b67a18dafedf9b1468b64ca20d9aa02ea61d449b65413d8aa6552aeb63f52ef369e86beb25b6b4c91a803d9726ee5c196f391a9b64201263263410a4223ee6
  languageName: node
  linkType: hard

"ufo@npm:^1.6.3":
  version: 1.6.3
  resolution: "ufo@npm:1.6.3"
  checksum: 10/79803984f3e414567273a666183d6a50d1bec0d852100a98f55c1e393cb705e3b88033e04029dd651714e6eec99e1b00f54fdc13f32404968251a16f8898cfe5
  languageName: node
  linkType: hard

"undici-types@npm:~7.16.0":
  version: 7.16.0
  resolution: "undici-types@npm:7.16.0"
  checksum: 10/db43439f69c2d94cc29f75cbfe9de86df87061d6b0c577ebe9bb3255f49b22c50162a7d7eb413b0458b6510b8ca299ac7cff38c3a29fbd31af9f504bcf7fbc0d
  languageName: node
  linkType: hard

"undici@npm:^6.23.0, undici@npm:^6.25.0":
  version: 6.25.0
  resolution: "undici@npm:6.25.0"
  checksum: 10/a475e45da3e1d1073283bb70531666f09a432eabff2b857bd7063d469a1ee1486192ff61dc0dadbb526673ce1120fee14d66a59b6b17d1e0bd3a4d5f0a52d0a6
  languageName: node
  linkType: hard

"universal-user-agent@npm:^7.0.0, universal-user-agent@npm:^7.0.2":
  version: 7.0.3
  resolution: "universal-user-agent@npm:7.0.3"
  checksum: 10/c497e85f8b11eb8fa4dce584d7a39cc98710164959f494cafc3c269b51abb20fff269951838efd7424d15f6b3d001507f3cb8b52bb5676fdb642019dfd17e63e
  languageName: node
  linkType: hard

"which@npm:^6.0.0":
  version: 6.0.1
  resolution: "which@npm:6.0.1"
  dependencies:
    isexe: "npm:^4.0.0"
  bin:
    node-which: bin/which.js
  checksum: 10/dbea77c7d3058bf6c78bf9659d2dce4d2b57d39a15b826b2af6ac2e5a219b99dc8a831b79fdbc453c0598adb4f3f84cf9c2491fd52beb9f5d2dececcad117f68
  languageName: node
  linkType: hard

"yallist@npm:^5.0.0":
  version: 5.0.0
  resolution: "yallist@npm:5.0.0"
  checksum: 10/1884d272d485845ad04759a255c71775db0fac56308764b4c77ea56a20d56679fad340213054c8c9c9c26fcfd4c4b2a90df993b7e0aaf3cdb73c618d1d1a802a
  languageName: node
  linkType: hard
